// !$*UTF8*$!
{
	archiveVersion = 1;
	classes = {
	};
	objectVersion = 46;
	objects = {

/* Begin PBXBuildFile section */
		0DEA056F86E94ED63057A635 /* Pods_App.framework in Frameworks */ = {isa = PBXBuildFile; fileRef = 7FEFAF43BC70671EDF9716E6 /* Pods_App.framework */; };
		654B6AD91D9D25DA00B46F6F /* FilterViewController.swift in Sources */ = {isa = PBXBuildFile; fileRef = 654B6AD51D9D25DA00B46F6F /* FilterViewController.swift */; };
		654B6ADA1D9D25DA00B46F6F /* MutableFilterViewController.swift in Sources */ = {isa = PBXBuildFile; fileRef = 654B6AD61D9D25DA00B46F6F /* MutableFilterViewController.swift */; };
		654B6ADB1D9D25DA00B46F6F /* GradientViewController.swift in Sources */ = {isa = PBXBuildFile; fileRef = 654B6AD81D9D25DA00B46F6F /* GradientViewController.swift */; };
		65529C351D9E66CE00ED3E1C /* MutableFilterMoreViewController.swift in Sources */ = {isa = PBXBuildFile; fileRef = 65529C341D9E66CE00ED3E1C /* MutableFilterMoreViewController.swift */; };
		65529C3A1D9E722A00ED3E1C /* CubeMap.c in Sources */ = {isa = PBXBuildFile; fileRef = 65529C391D9E722A00ED3E1C /* CubeMap.c */; };
		6598A7331D93EB3D00A22338 /* UIView+Gradient.swift in Sources */ = {isa = PBXBuildFile; fileRef = 6598A7321D93EB3D00A22338 /* UIView+Gradient.swift */; };
		F21437AC1D98D403000E0CBF /* BaiduMapViewController.swift in Sources */ = {isa = PBXBuildFile; fileRef = F21437AB1D98D403000E0CBF /* BaiduMapViewController.swift */; };
		F21437B91D98EE27000E0CBF /* AlamofireSetting.swift in Sources */ = {isa = PBXBuildFile; fileRef = F21437AE1D98EE27000E0CBF /* AlamofireSetting.swift */; };
		F21437BA1D98EE27000E0CBF /* LDCachable.swift in Sources */ = {isa = PBXBuildFile; fileRef = F21437B01D98EE27000E0CBF /* LDCachable.swift */; };
		F21437BB1D98EE27000E0CBF /* LDCacheItem.swift in Sources */ = {isa = PBXBuildFile; fileRef = F21437B11D98EE27000E0CBF /* LDCacheItem.swift */; };
		F21437BC1D98EE27000E0CBF /* LDRealmCache.swift in Sources */ = {isa = PBXBuildFile; fileRef = F21437B21D98EE27000E0CBF /* LDRealmCache.swift */; };
		F21437BD1D98EE27000E0CBF /* LDApiDataTypes.swift in Sources */ = {isa = PBXBuildFile; fileRef = F21437B31D98EE27000E0CBF /* LDApiDataTypes.swift */; };
		F21437BE1D98EE27000E0CBF /* LDApiError.swift in Sources */ = {isa = PBXBuildFile; fileRef = F21437B41D98EE27000E0CBF /* LDApiError.swift */; };
		F21437BF1D98EE27000E0CBF /* LDApiRequest.swift in Sources */ = {isa = PBXBuildFile; fileRef = F21437B51D98EE27000E0CBF /* LDApiRequest.swift */; };
		F21437C01D98EE27000E0CBF /* LDApiResponse.swift in Sources */ = {isa = PBXBuildFile; fileRef = F21437B61D98EE27000E0CBF /* LDApiResponse.swift */; };
		F21437C11D98EE27000E0CBF /* LDApiSettings.swift in Sources */ = {isa = PBXBuildFile; fileRef = F21437B71D98EE27000E0CBF /* LDApiSettings.swift */; };
		F21437C21D98EE27000E0CBF /* LDCacheSettings.swift in Sources */ = {isa = PBXBuildFile; fileRef = F21437B81D98EE27000E0CBF /* LDCacheSettings.swift */; };
		F21437C41D98EEA9000E0CBF /* Session.swift in Sources */ = {isa = PBXBuildFile; fileRef = F21437C31D98EEA9000E0CBF /* Session.swift */; };
		F21437C71D98EF21000E0CBF /* LoginUser.swift in Sources */ = {isa = PBXBuildFile; fileRef = F21437C61D98EF21000E0CBF /* LoginUser.swift */; };
		F217F2091D842B74000E3A0D /* RegisteredViewController.swift in Sources */ = {isa = PBXBuildFile; fileRef = F217F2071D842B74000E3A0D /* RegisteredViewController.swift */; };
		F217F20A1D842B74000E3A0D /* RegisteredViewController.xib in Resources */ = {isa = PBXBuildFile; fileRef = F217F2081D842B74000E3A0D /* RegisteredViewController.xib */; };
		F23096801E0238C4001ACE00 /* TYPagerController.m in Sources */ = {isa = PBXBuildFile; fileRef = F23096781E0238C4001ACE00 /* TYPagerController.m */; };
		F23096811E0238C4001ACE00 /* TYTabButtonPagerController.m in Sources */ = {isa = PBXBuildFile; fileRef = F230967A1E0238C4001ACE00 /* TYTabButtonPagerController.m */; };
		F23096821E0238C4001ACE00 /* TYTabPagerController.m in Sources */ = {isa = PBXBuildFile; fileRef = F230967C1E0238C4001ACE00 /* TYTabPagerController.m */; };
		F23096831E0238C4001ACE00 /* TYTabTitleViewCell.m in Sources */ = {isa = PBXBuildFile; fileRef = F230967F1E0238C4001ACE00 /* TYTabTitleViewCell.m */; };
		F23096911E027A59001ACE00 /* ZHJtableview.swift in Sources */ = {isa = PBXBuildFile; fileRef = F23096901E027A59001ACE00 /* ZHJtableview.swift */; };
		F24E9A321DEEA77B00A45EB8 /* QNUtils.swift in Sources */ = {isa = PBXBuildFile; fileRef = F24E9A311DEEA77B00A45EB8 /* QNUtils.swift */; };
		F24E9A341DEEB07600A45EB8 /* MappableBaseType.swift in Sources */ = {isa = PBXBuildFile; fileRef = F24E9A331DEEB07600A45EB8 /* MappableBaseType.swift */; };
		F24E9A381DEEB18A00A45EB8 /* UploadPicturesView.swift in Sources */ = {isa = PBXBuildFile; fileRef = F24E9A361DEEB18A00A45EB8 /* UploadPicturesView.swift */; };
		F24E9A391DEEB18A00A45EB8 /* uploadPicturesView.xib in Resources */ = {isa = PBXBuildFile; fileRef = F24E9A371DEEB18A00A45EB8 /* uploadPicturesView.xib */; };
		F24E9A3C1DEEBA0800A45EB8 /* gif131.gif in Resources */ = {isa = PBXBuildFile; fileRef = F24E9A3B1DEEBA0800A45EB8 /* gif131.gif */; };
		F24E9A3E1DEEBA5E00A45EB8 /* User.swift in Sources */ = {isa = PBXBuildFile; fileRef = F24E9A3D1DEEBA5E00A45EB8 /* User.swift */; };
		F24E9A411DEED00E00A45EB8 /* uploadGetToken.m in Sources */ = {isa = PBXBuildFile; fileRef = F24E9A401DEED00E00A45EB8 /* uploadGetToken.m */; };
		F25E22E91D9B9A1D00A0F0DA /* AppChatScreenViewController.swift in Sources */ = {isa = PBXBuildFile; fileRef = F25E22E81D9B9A1D00A0F0DA /* AppChatScreenViewController.swift */; };
		F2666A8F1D879CCD00B2029E /* Myviewcontroller.swift in Sources */ = {isa = PBXBuildFile; fileRef = F2666A8E1D879CCD00B2029E /* Myviewcontroller.swift */; };
		F2666A911D879CEE00B2029E /* FunctionsViewController.swift in Sources */ = {isa = PBXBuildFile; fileRef = F2666A901D879CEE00B2029E /* FunctionsViewController.swift */; };
		F2666A941D87A42000B2029E /* Notifications.swift in Sources */ = {isa = PBXBuildFile; fileRef = F2666A931D87A42000B2029E /* Notifications.swift */; };
		F26871F31D9236D800611136 /* MJrefreshCollectionview.swift in Sources */ = {isa = PBXBuildFile; fileRef = F26871EB1D9236D800611136 /* MJrefreshCollectionview.swift */; };
		F26871F41D9236D800611136 /* LDNoDataNoticeView.swift in Sources */ = {isa = PBXBuildFile; fileRef = F26871EC1D9236D800611136 /* LDNoDataNoticeView.swift */; };
		F26871F51D9236D800611136 /* LDNoDataNoticeView.xib in Resources */ = {isa = PBXBuildFile; fileRef = F26871ED1D9236D800611136 /* LDNoDataNoticeView.xib */; };
		F26871F61D9236D800611136 /* MJrefreshTableview.swift in Sources */ = {isa = PBXBuildFile; fileRef = F26871EF1D9236D800611136 /* MJrefreshTableview.swift */; };
		F26871F71D9236D800611136 /* UIScrollView+TopRefresh.m in Sources */ = {isa = PBXBuildFile; fileRef = F26871F21D9236D800611136 /* UIScrollView+TopRefresh.m */; };
		F26A6A7D1DE6990F00D26107 /* AlbumTableViewController.swift in Sources */ = {isa = PBXBuildFile; fileRef = F26A6A671DE6990F00D26107 /* AlbumTableViewController.swift */; };
		F26A6A7E1DE6990F00D26107 /* PhotoBrowser.swift in Sources */ = {isa = PBXBuildFile; fileRef = F26A6A681DE6990F00D26107 /* PhotoBrowser.swift */; };
		F26A6A7F1DE6990F00D26107 /* PhotoBrowser+CropperViewController.swift in Sources */ = {isa = PBXBuildFile; fileRef = F26A6A691DE6990F00D26107 /* PhotoBrowser+CropperViewController.swift */; };
		F26A6A801DE6990F00D26107 /* PhotoBrowser+GridViewController.swift in Sources */ = {isa = PBXBuildFile; fileRef = F26A6A6A1DE6990F00D26107 /* PhotoBrowser+GridViewController.swift */; };
		F26A6A811DE6990F00D26107 /* PhotoBrowser+PreviewController.swift in Sources */ = {isa = PBXBuildFile; fileRef = F26A6A6B1DE6990F00D26107 /* PhotoBrowser+PreviewController.swift */; };
		F26A6A821DE6990F00D26107 /* PhotoBrowser+TakerViewController.swift in Sources */ = {isa = PBXBuildFile; fileRef = F26A6A6C1DE6990F00D26107 /* PhotoBrowser+TakerViewController.swift */; };
		F26A6A831DE6990F00D26107 /* PhotoBrowserDelegate.swift in Sources */ = {isa = PBXBuildFile; fileRef = F26A6A6D1DE6990F00D26107 /* PhotoBrowserDelegate.swift */; };
		F26A6A841DE6990F00D26107 /* PhotoBrowserExtensions.swift in Sources */ = {isa = PBXBuildFile; fileRef = F26A6A6E1DE6990F00D26107 /* PhotoBrowserExtensions.swift */; };
		F26A6A851DE6990F00D26107 /* PhotoBrowserOptions.swift in Sources */ = {isa = PBXBuildFile; fileRef = F26A6A6F1DE6990F00D26107 /* PhotoBrowserOptions.swift */; };
		F26A6A861DE6990F00D26107 /* PECropRectView.m in Sources */ = {isa = PBXBuildFile; fileRef = F26A6A721DE6990F00D26107 /* PECropRectView.m */; };
		F26A6A871DE6990F00D26107 /* PECropView.m in Sources */ = {isa = PBXBuildFile; fileRef = F26A6A741DE6990F00D26107 /* PECropView.m */; };
		F26A6A881DE6990F00D26107 /* PECropViewController.m in Sources */ = {isa = PBXBuildFile; fileRef = F26A6A761DE6990F00D26107 /* PECropViewController.m */; };
		F26A6A891DE6990F00D26107 /* PEPhotoCropEditor.bundle in Resources */ = {isa = PBXBuildFile; fileRef = F26A6A771DE6990F00D26107 /* PEPhotoCropEditor.bundle */; };
		F26A6A8A1DE6990F00D26107 /* PEResizeControl.m in Sources */ = {isa = PBXBuildFile; fileRef = F26A6A791DE6990F00D26107 /* PEResizeControl.m */; };
		F26A6A8B1DE6990F00D26107 /* PhotoBrowser+View.swift in Sources */ = {isa = PBXBuildFile; fileRef = F26A6A7A1DE6990F00D26107 /* PhotoBrowser+View.swift */; };
		F26A6A8C1DE6990F00D26107 /* UIImage+PECrop.m in Sources */ = {isa = PBXBuildFile; fileRef = F26A6A7C1DE6990F00D26107 /* UIImage+PECrop.m */; };
		F26A6A8E1DE6BA0F00D26107 /* SystemPhotoAlbum.swift in Sources */ = {isa = PBXBuildFile; fileRef = F26A6A8D1DE6BA0F00D26107 /* SystemPhotoAlbum.swift */; };
		F27AE1FD1D928E09000E0509 /* CollectionReusableViewHeadre.swift in Sources */ = {isa = PBXBuildFile; fileRef = F27AE1F71D928E09000E0509 /* CollectionReusableViewHeadre.swift */; };
		F27AE1FE1D928E09000E0509 /* CollectionReusableViewHeadre.xib in Resources */ = {isa = PBXBuildFile; fileRef = F27AE1F81D928E09000E0509 /* CollectionReusableViewHeadre.xib */; };
		F27AE1FF1D928E09000E0509 /* QdanCollectionViewCell.swift in Sources */ = {isa = PBXBuildFile; fileRef = F27AE1F91D928E09000E0509 /* QdanCollectionViewCell.swift */; };
		F27AE2001D928E09000E0509 /* QdanCollectionViewCell.xib in Resources */ = {isa = PBXBuildFile; fileRef = F27AE1FA1D928E09000E0509 /* QdanCollectionViewCell.xib */; };
		F27AE2011D928E09000E0509 /* QdanCollectionViewzeroCell.swift in Sources */ = {isa = PBXBuildFile; fileRef = F27AE1FB1D928E09000E0509 /* QdanCollectionViewzeroCell.swift */; };
		F27AE2021D928E09000E0509 /* QdanCollectionViewzeroCell.xib in Resources */ = {isa = PBXBuildFile; fileRef = F27AE1FC1D928E09000E0509 /* QdanCollectionViewzeroCell.xib */; };
		F27F5E561D8641EE00336915 /* JumpAnimationcontroller.swift in Sources */ = {isa = PBXBuildFile; fileRef = F27F5E401D8641EE00336915 /* JumpAnimationcontroller.swift */; };
		F27F5E581D8641EE00336915 /* CommonFuntion.swift in Sources */ = {isa = PBXBuildFile; fileRef = F27F5E421D8641EE00336915 /* CommonFuntion.swift */; };
		F27F5E5A1D8641EE00336915 /* String+Size.swift in Sources */ = {isa = PBXBuildFile; fileRef = F27F5E451D8641EE00336915 /* String+Size.swift */; };
		F27F5E5B1D8641EE00336915 /* Theme.swift in Sources */ = {isa = PBXBuildFile; fileRef = F27F5E461D8641EE00336915 /* Theme.swift */; };
		F27F5E5C1D8641EE00336915 /* UIBarItem+Swift.m in Sources */ = {isa = PBXBuildFile; fileRef = F27F5E491D8641EE00336915 /* UIBarItem+Swift.m */; };
		F27F5E5D1D8641EE00336915 /* UIButton+Swift.m in Sources */ = {isa = PBXBuildFile; fileRef = F27F5E4C1D8641EE00336915 /* UIButton+Swift.m */; };
		F27F5E5E1D8641EE00336915 /* UIImage+Gif.swift in Sources */ = {isa = PBXBuildFile; fileRef = F27F5E4E1D8641EE00336915 /* UIImage+Gif.swift */; };
		F27F5E5F1D8641EE00336915 /* UIView+Swift.m in Sources */ = {isa = PBXBuildFile; fileRef = F27F5E511D8641EE00336915 /* UIView+Swift.m */; };
		F27F5E601D8641EE00336915 /* UIView+Toast.swift in Sources */ = {isa = PBXBuildFile; fileRef = F27F5E521D8641EE00336915 /* UIView+Toast.swift */; };
		F27F5E611D8641EE00336915 /* Uiviewcontroller+storyboard.swift in Sources */ = {isa = PBXBuildFile; fileRef = F27F5E541D8641EE00336915 /* Uiviewcontroller+storyboard.swift */; };
		F27F5E621D8641EE00336915 /* UIViewController+TopViewController.swift in Sources */ = {isa = PBXBuildFile; fileRef = F27F5E551D8641EE00336915 /* UIViewController+TopViewController.swift */; };
		F27F5E681D8643D000336915 /* CustomAnimation.swift in Sources */ = {isa = PBXBuildFile; fileRef = F27F5E661D8643D000336915 /* CustomAnimation.swift */; };
		F27F5E691D8643D000336915 /* SwiftLogoLayer.swift in Sources */ = {isa = PBXBuildFile; fileRef = F27F5E671D8643D000336915 /* SwiftLogoLayer.swift */; };
		F29401DA1D94FD0A00CF582F /* Log.swift in Sources */ = {isa = PBXBuildFile; fileRef = F29401D91D94FD0A00CF582F /* Log.swift */; };
		F29401DD1D94FF2C00CF582F /* BaiduLocationManager.swift in Sources */ = {isa = PBXBuildFile; fileRef = F29401DC1D94FF2C00CF582F /* BaiduLocationManager.swift */; };
		F29401DF1D94FF6300CF582F /* Location.swift in Sources */ = {isa = PBXBuildFile; fileRef = F29401DE1D94FF6300CF582F /* Location.swift */; };
		F294B3431DFFDDB70055C8CB /* MobileAddressBooks.swift in Sources */ = {isa = PBXBuildFile; fileRef = F294B3371DFFDDB70055C8CB /* MobileAddressBooks.swift */; };
		F294B3441DFFDDB70055C8CB /* MobileAddressBooks.xib in Resources */ = {isa = PBXBuildFile; fileRef = F294B3381DFFDDB70055C8CB /* MobileAddressBooks.xib */; };
		F294B3451DFFDDB70055C8CB /* MObileFunction.swift in Sources */ = {isa = PBXBuildFile; fileRef = F294B3391DFFDDB70055C8CB /* MObileFunction.swift */; };
		F294B3461DFFDDB70055C8CB /* MObileFunction.xib in Resources */ = {isa = PBXBuildFile; fileRef = F294B33A1DFFDDB70055C8CB /* MObileFunction.xib */; };
		F294B3471DFFDDB70055C8CB /* MobileAddres.swift in Sources */ = {isa = PBXBuildFile; fileRef = F294B33C1DFFDDB70055C8CB /* MobileAddres.swift */; };
		F294B3491DFFDDB70055C8CB /* RetrieveMobileAddressbook.swift in Sources */ = {isa = PBXBuildFile; fileRef = F294B3401DFFDDB70055C8CB /* RetrieveMobileAddressbook.swift */; };
		F294B34A1DFFDDB70055C8CB /* UserIphoneNumbercell.swift in Sources */ = {isa = PBXBuildFile; fileRef = F294B3411DFFDDB70055C8CB /* UserIphoneNumbercell.swift */; };
		F294B34B1DFFDDB70055C8CB /* UserIphoneNumbercell.xib in Resources */ = {isa = PBXBuildFile; fileRef = F294B3421DFFDDB70055C8CB /* UserIphoneNumbercell.xib */; };
		F2AC1E411DF02BEE00F77860 /* commonlyEncryption.swift in Sources */ = {isa = PBXBuildFile; fileRef = F2AC1E401DF02BEE00F77860 /* commonlyEncryption.swift */; };
		F2B2CB9F1DF29CFF002028D1 /* QNlistData.swift in Sources */ = {isa = PBXBuildFile; fileRef = F2B2CB9E1DF29CFF002028D1 /* QNlistData.swift */; };
		F2D289AB1D856C420059D289 /* AppSetting.swift in Sources */ = {isa = PBXBuildFile; fileRef = F2D289AA1D856C420059D289 /* AppSetting.swift */; };
		F2D3A3E11E038E0D007DE758 /* FirstViewController.swift in Sources */ = {isa = PBXBuildFile; fileRef = F2D3A3DF1E038E0D007DE758 /* FirstViewController.swift */; };
		F2D3A3E21E038E0D007DE758 /* FirstViewController.xib in Resources */ = {isa = PBXBuildFile; fileRef = F2D3A3E01E038E0D007DE758 /* FirstViewController.xib */; };
		F2D3A3E51E03A788007DE758 /* SecondViewController.swift in Sources */ = {isa = PBXBuildFile; fileRef = F2D3A3E31E03A788007DE758 /* SecondViewController.swift */; };
		F2D3A3E61E03A788007DE758 /* SecondViewController.xib in Resources */ = {isa = PBXBuildFile; fileRef = F2D3A3E41E03A788007DE758 /* SecondViewController.xib */; };
		F2D54B251D93A692006DE294 /* TableViewHeaderCell.swift in Sources */ = {isa = PBXBuildFile; fileRef = F2D54B231D93A692006DE294 /* TableViewHeaderCell.swift */; };
		F2D54B261D93A692006DE294 /* TableViewHeaderCell.xib in Resources */ = {isa = PBXBuildFile; fileRef = F2D54B241D93A692006DE294 /* TableViewHeaderCell.xib */; };
		F2D652CA1D7E94A90005824D /* AppDelegate.swift in Sources */ = {isa = PBXBuildFile; fileRef = F2D652C91D7E94A90005824D /* AppDelegate.swift */; };
		F2D652CC1D7E94A90005824D /* ViewController.swift in Sources */ = {isa = PBXBuildFile; fileRef = F2D652CB1D7E94A90005824D /* ViewController.swift */; };
		F2D652CF1D7E94A90005824D /* Main.storyboard in Resources */ = {isa = PBXBuildFile; fileRef = F2D652CD1D7E94A90005824D /* Main.storyboard */; };
		F2D652D21D7E94A90005824D /* App.xcdatamodeld in Sources */ = {isa = PBXBuildFile; fileRef = F2D652D01D7E94A90005824D /* App.xcdatamodeld */; };
		F2D652D41D7E94A90005824D /* Assets.xcassets in Resources */ = {isa = PBXBuildFile; fileRef = F2D652D31D7E94A90005824D /* Assets.xcassets */; };
		F2D652D71D7E94A90005824D /* LaunchScreen.storyboard in Resources */ = {isa = PBXBuildFile; fileRef = F2D652D51D7E94A90005824D /* LaunchScreen.storyboard */; };
		F2D652E21D7E94A90005824D /* AppTests.swift in Sources */ = {isa = PBXBuildFile; fileRef = F2D652E11D7E94A90005824D /* AppTests.swift */; };
		F2D652ED1D7E94A90005824D /* AppUITests.swift in Sources */ = {isa = PBXBuildFile; fileRef = F2D652EC1D7E94A90005824D /* AppUITests.swift */; };
		F2D6904B1DFE7A200087328B /* CollectionReusableHeadre.swift in Sources */ = {isa = PBXBuildFile; fileRef = F2D690451DFE7A200087328B /* CollectionReusableHeadre.swift */; };
		F2D6904C1DFE7A200087328B /* CollectionReusableHeadre.xib in Resources */ = {isa = PBXBuildFile; fileRef = F2D690461DFE7A200087328B /* CollectionReusableHeadre.xib */; };
		F2D6904D1DFE7A200087328B /* QNCollectionViewCell.swift in Sources */ = {isa = PBXBuildFile; fileRef = F2D690471DFE7A200087328B /* QNCollectionViewCell.swift */; };
		F2D6904E1DFE7A200087328B /* QNCollectionViewCell.xib in Resources */ = {isa = PBXBuildFile; fileRef = F2D690481DFE7A200087328B /* QNCollectionViewCell.xib */; };
		F2D690551DFE87DD0087328B /* QNPhotoController.swift in Sources */ = {isa = PBXBuildFile; fileRef = F2D690531DFE87DD0087328B /* QNPhotoController.swift */; };
		F2D690561DFE87DD0087328B /* QNPhotoController.xib in Resources */ = {isa = PBXBuildFile; fileRef = F2D690541DFE87DD0087328B /* QNPhotoController.xib */; };
		F2DFE7D21D82A1B300E5DC71 /* LoginviewController.swift in Sources */ = {isa = PBXBuildFile; fileRef = F2DFE7D01D82A1B300E5DC71 /* LoginviewController.swift */; };
		F2DFE7D51D82A20D00E5DC71 /* HomeTabBarController.swift in Sources */ = {isa = PBXBuildFile; fileRef = F2DFE7D41D82A20D00E5DC71 /* HomeTabBarController.swift */; };
		F2DFE7DA1D82B45900E5DC71 /* Login.storyboard in Resources */ = {isa = PBXBuildFile; fileRef = F2DFE7D91D82B45900E5DC71 /* Login.storyboard */; };
		F2ED945C1D8699A2000C2E59 /* UIimage+Watermark.swift in Sources */ = {isa = PBXBuildFile; fileRef = F2ED945B1D8699A2000C2E59 /* UIimage+Watermark.swift */; };
		F2ED94611D86AF8E000C2E59 /* ChatListviewcontroller.swift in Sources */ = {isa = PBXBuildFile; fileRef = F2ED94601D86AF8E000C2E59 /* ChatListviewcontroller.swift */; };
		F2ED94641D86B010000C2E59 /* APPviewcontroller.swift in Sources */ = {isa = PBXBuildFile; fileRef = F2ED94631D86B010000C2E59 /* APPviewcontroller.swift */; };
		F2FA2DA01DE808D000CE0A3C /* DownloadfileView.swift in Sources */ = {isa = PBXBuildFile; fileRef = F2FA2D9E1DE808D000CE0A3C /* DownloadfileView.swift */; };
		F2FA2DA11DE808D000CE0A3C /* DownloadfileView.xib in Resources */ = {isa = PBXBuildFile; fileRef = F2FA2D9F1DE808D000CE0A3C /* DownloadfileView.xib */; };
/* End PBXBuildFile section */

/* Begin PBXContainerItemProxy section */
		F2D652DE1D7E94A90005824D /* PBXContainerItemProxy */ = {
			isa = PBXContainerItemProxy;
			containerPortal = F2D652BE1D7E94A90005824D /* Project object */;
			proxyType = 1;
			remoteGlobalIDString = F2D652C51D7E94A90005824D;
			remoteInfo = App;
		};
		F2D652E91D7E94A90005824D /* PBXContainerItemProxy */ = {
			isa = PBXContainerItemProxy;
			containerPortal = F2D652BE1D7E94A90005824D /* Project object */;
			proxyType = 1;
			remoteGlobalIDString = F2D652C51D7E94A90005824D;
			remoteInfo = App;
		};
/* End PBXContainerItemProxy section */

/* Begin PBXFileReference section */
		544049F072F8E3FA12FE0D85 /* Pods-App.release.xcconfig */ = {isa = PBXFileReference; includeInIndex = 1; lastKnownFileType = text.xcconfig; name = "Pods-App.release.xcconfig"; path = "Pods/Target Support Files/Pods-App/Pods-App.release.xcconfig"; sourceTree = "<group>"; };
		654B6AD51D9D25DA00B46F6F /* FilterViewController.swift */ = {isa = PBXFileReference; fileEncoding = 4; lastKnownFileType = sourcecode.swift; path = FilterViewController.swift; sourceTree = "<group>"; };
		654B6AD61D9D25DA00B46F6F /* MutableFilterViewController.swift */ = {isa = PBXFileReference; fileEncoding = 4; lastKnownFileType = sourcecode.swift; path = MutableFilterViewController.swift; sourceTree = "<group>"; };
		654B6AD81D9D25DA00B46F6F /* GradientViewController.swift */ = {isa = PBXFileReference; fileEncoding = 4; lastKnownFileType = sourcecode.swift; path = GradientViewController.swift; sourceTree = "<group>"; };
		65529C341D9E66CE00ED3E1C /* MutableFilterMoreViewController.swift */ = {isa = PBXFileReference; fileEncoding = 4; lastKnownFileType = sourcecode.swift; path = MutableFilterMoreViewController.swift; sourceTree = "<group>"; };
		65529C391D9E722A00ED3E1C /* CubeMap.c */ = {isa = PBXFileReference; fileEncoding = 4; lastKnownFileType = sourcecode.c.c; path = CubeMap.c; sourceTree = "<group>"; };
		6598A7321D93EB3D00A22338 /* UIView+Gradient.swift */ = {isa = PBXFileReference; fileEncoding = 4; lastKnownFileType = sourcecode.swift; path = "UIView+Gradient.swift"; sourceTree = "<group>"; };
		7FEFAF43BC70671EDF9716E6 /* Pods_App.framework */ = {isa = PBXFileReference; explicitFileType = wrapper.framework; includeInIndex = 0; path = Pods_App.framework; sourceTree = BUILT_PRODUCTS_DIR; };
		CA5A6087CE1A63B4E2D426C9 /* Pods-App.debug.xcconfig */ = {isa = PBXFileReference; includeInIndex = 1; lastKnownFileType = text.xcconfig; name = "Pods-App.debug.xcconfig"; path = "Pods/Target Support Files/Pods-App/Pods-App.debug.xcconfig"; sourceTree = "<group>"; };
		F21437AB1D98D403000E0CBF /* BaiduMapViewController.swift */ = {isa = PBXFileReference; fileEncoding = 4; lastKnownFileType = sourcecode.swift; path = BaiduMapViewController.swift; sourceTree = "<group>"; };
		F21437AE1D98EE27000E0CBF /* AlamofireSetting.swift */ = {isa = PBXFileReference; fileEncoding = 4; lastKnownFileType = sourcecode.swift; path = AlamofireSetting.swift; sourceTree = "<group>"; };
		F21437B01D98EE27000E0CBF /* LDCachable.swift */ = {isa = PBXFileReference; fileEncoding = 4; lastKnownFileType = sourcecode.swift; path = LDCachable.swift; sourceTree = "<group>"; };
		F21437B11D98EE27000E0CBF /* LDCacheItem.swift */ = {isa = PBXFileReference; fileEncoding = 4; lastKnownFileType = sourcecode.swift; path = LDCacheItem.swift; sourceTree = "<group>"; };
		F21437B21D98EE27000E0CBF /* LDRealmCache.swift */ = {isa = PBXFileReference; fileEncoding = 4; lastKnownFileType = sourcecode.swift; path = LDRealmCache.swift; sourceTree = "<group>"; };
		F21437B31D98EE27000E0CBF /* LDApiDataTypes.swift */ = {isa = PBXFileReference; fileEncoding = 4; lastKnownFileType = sourcecode.swift; path = LDApiDataTypes.swift; sourceTree = "<group>"; };
		F21437B41D98EE27000E0CBF /* LDApiError.swift */ = {isa = PBXFileReference; fileEncoding = 4; lastKnownFileType = sourcecode.swift; path = LDApiError.swift; sourceTree = "<group>"; };
		F21437B51D98EE27000E0CBF /* LDApiRequest.swift */ = {isa = PBXFileReference; fileEncoding = 4; lastKnownFileType = sourcecode.swift; path = LDApiRequest.swift; sourceTree = "<group>"; };
		F21437B61D98EE27000E0CBF /* LDApiResponse.swift */ = {isa = PBXFileReference; fileEncoding = 4; lastKnownFileType = sourcecode.swift; path = LDApiResponse.swift; sourceTree = "<group>"; };
		F21437B71D98EE27000E0CBF /* LDApiSettings.swift */ = {isa = PBXFileReference; fileEncoding = 4; lastKnownFileType = sourcecode.swift; path = LDApiSettings.swift; sourceTree = "<group>"; };
		F21437B81D98EE27000E0CBF /* LDCacheSettings.swift */ = {isa = PBXFileReference; fileEncoding = 4; lastKnownFileType = sourcecode.swift; path = LDCacheSettings.swift; sourceTree = "<group>"; };
		F21437C31D98EEA9000E0CBF /* Session.swift */ = {isa = PBXFileReference; fileEncoding = 4; lastKnownFileType = sourcecode.swift; path = Session.swift; sourceTree = "<group>"; };
		F21437C61D98EF21000E0CBF /* LoginUser.swift */ = {isa = PBXFileReference; fileEncoding = 4; lastKnownFileType = sourcecode.swift; path = LoginUser.swift; sourceTree = "<group>"; };
		F217F2071D842B74000E3A0D /* RegisteredViewController.swift */ = {isa = PBXFileReference; fileEncoding = 4; lastKnownFileType = sourcecode.swift; path = RegisteredViewController.swift; sourceTree = "<group>"; };
		F217F2081D842B74000E3A0D /* RegisteredViewController.xib */ = {isa = PBXFileReference; fileEncoding = 4; lastKnownFileType = file.xib; path = RegisteredViewController.xib; sourceTree = "<group>"; };
		F23096771E0238C4001ACE00 /* TYPagerController.h */ = {isa = PBXFileReference; fileEncoding = 4; lastKnownFileType = sourcecode.c.h; path = TYPagerController.h; sourceTree = "<group>"; };
		F23096781E0238C4001ACE00 /* TYPagerController.m */ = {isa = PBXFileReference; fileEncoding = 4; lastKnownFileType = sourcecode.c.objc; path = TYPagerController.m; sourceTree = "<group>"; };
		F23096791E0238C4001ACE00 /* TYTabButtonPagerController.h */ = {isa = PBXFileReference; fileEncoding = 4; lastKnownFileType = sourcecode.c.h; path = TYTabButtonPagerController.h; sourceTree = "<group>"; };
		F230967A1E0238C4001ACE00 /* TYTabButtonPagerController.m */ = {isa = PBXFileReference; fileEncoding = 4; lastKnownFileType = sourcecode.c.objc; path = TYTabButtonPagerController.m; sourceTree = "<group>"; };
		F230967B1E0238C4001ACE00 /* TYTabPagerController.h */ = {isa = PBXFileReference; fileEncoding = 4; lastKnownFileType = sourcecode.c.h; path = TYTabPagerController.h; sourceTree = "<group>"; };
		F230967C1E0238C4001ACE00 /* TYTabPagerController.m */ = {isa = PBXFileReference; fileEncoding = 4; lastKnownFileType = sourcecode.c.objc; path = TYTabPagerController.m; sourceTree = "<group>"; };
		F230967D1E0238C4001ACE00 /* TYTabTitleCellProtocol.h */ = {isa = PBXFileReference; fileEncoding = 4; lastKnownFileType = sourcecode.c.h; path = TYTabTitleCellProtocol.h; sourceTree = "<group>"; };
		F230967E1E0238C4001ACE00 /* TYTabTitleViewCell.h */ = {isa = PBXFileReference; fileEncoding = 4; lastKnownFileType = sourcecode.c.h; path = TYTabTitleViewCell.h; sourceTree = "<group>"; };
		F230967F1E0238C4001ACE00 /* TYTabTitleViewCell.m */ = {isa = PBXFileReference; fileEncoding = 4; lastKnownFileType = sourcecode.c.objc; path = TYTabTitleViewCell.m; sourceTree = "<group>"; };
		F23096901E027A59001ACE00 /* ZHJtableview.swift */ = {isa = PBXFileReference; fileEncoding = 4; lastKnownFileType = sourcecode.swift; path = ZHJtableview.swift; sourceTree = "<group>"; };
		F24E9A311DEEA77B00A45EB8 /* QNUtils.swift */ = {isa = PBXFileReference; fileEncoding = 4; lastKnownFileType = sourcecode.swift; path = QNUtils.swift; sourceTree = "<group>"; };
		F24E9A331DEEB07600A45EB8 /* MappableBaseType.swift */ = {isa = PBXFileReference; fileEncoding = 4; lastKnownFileType = sourcecode.swift; path = MappableBaseType.swift; sourceTree = "<group>"; };
		F24E9A361DEEB18A00A45EB8 /* UploadPicturesView.swift */ = {isa = PBXFileReference; fileEncoding = 4; lastKnownFileType = sourcecode.swift; path = UploadPicturesView.swift; sourceTree = "<group>"; };
		F24E9A371DEEB18A00A45EB8 /* uploadPicturesView.xib */ = {isa = PBXFileReference; fileEncoding = 4; lastKnownFileType = file.xib; path = uploadPicturesView.xib; sourceTree = "<group>"; };
		F24E9A3B1DEEBA0800A45EB8 /* gif131.gif */ = {isa = PBXFileReference; lastKnownFileType = image.gif; path = gif131.gif; sourceTree = "<group>"; };
		F24E9A3D1DEEBA5E00A45EB8 /* User.swift */ = {isa = PBXFileReference; fileEncoding = 4; lastKnownFileType = sourcecode.swift; path = User.swift; sourceTree = "<group>"; };
		F24E9A3F1DEED00E00A45EB8 /* uploadGetToken.h */ = {isa = PBXFileReference; fileEncoding = 4; lastKnownFileType = sourcecode.c.h; path = uploadGetToken.h; sourceTree = "<group>"; };
		F24E9A401DEED00E00A45EB8 /* uploadGetToken.m */ = {isa = PBXFileReference; fileEncoding = 4; lastKnownFileType = sourcecode.c.objc; path = uploadGetToken.m; sourceTree = "<group>"; };
		F25E22E81D9B9A1D00A0F0DA /* AppChatScreenViewController.swift */ = {isa = PBXFileReference; fileEncoding = 4; lastKnownFileType = sourcecode.swift; path = AppChatScreenViewController.swift; sourceTree = "<group>"; };
		F2666A8E1D879CCD00B2029E /* Myviewcontroller.swift */ = {isa = PBXFileReference; fileEncoding = 4; lastKnownFileType = sourcecode.swift; path = Myviewcontroller.swift; sourceTree = "<group>"; };
		F2666A901D879CEE00B2029E /* FunctionsViewController.swift */ = {isa = PBXFileReference; fileEncoding = 4; lastKnownFileType = sourcecode.swift; path = FunctionsViewController.swift; sourceTree = "<group>"; };
		F2666A931D87A42000B2029E /* Notifications.swift */ = {isa = PBXFileReference; fileEncoding = 4; lastKnownFileType = sourcecode.swift; path = Notifications.swift; sourceTree = "<group>"; };
		F26871EB1D9236D800611136 /* MJrefreshCollectionview.swift */ = {isa = PBXFileReference; fileEncoding = 4; lastKnownFileType = sourcecode.swift; path = MJrefreshCollectionview.swift; sourceTree = "<group>"; };
		F26871EC1D9236D800611136 /* LDNoDataNoticeView.swift */ = {isa = PBXFileReference; fileEncoding = 4; lastKnownFileType = sourcecode.swift; path = LDNoDataNoticeView.swift; sourceTree = "<group>"; };
		F26871ED1D9236D800611136 /* LDNoDataNoticeView.xib */ = {isa = PBXFileReference; fileEncoding = 4; lastKnownFileType = file.xib; path = LDNoDataNoticeView.xib; sourceTree = "<group>"; };
		F26871EF1D9236D800611136 /* MJrefreshTableview.swift */ = {isa = PBXFileReference; fileEncoding = 4; lastKnownFileType = sourcecode.swift; path = MJrefreshTableview.swift; sourceTree = "<group>"; };
		F26871F11D9236D800611136 /* UIScrollView+TopRefresh.h */ = {isa = PBXFileReference; fileEncoding = 4; lastKnownFileType = sourcecode.c.h; path = "UIScrollView+TopRefresh.h"; sourceTree = "<group>"; };
		F26871F21D9236D800611136 /* UIScrollView+TopRefresh.m */ = {isa = PBXFileReference; fileEncoding = 4; lastKnownFileType = sourcecode.c.objc; path = "UIScrollView+TopRefresh.m"; sourceTree = "<group>"; };
		F26A6A671DE6990F00D26107 /* AlbumTableViewController.swift */ = {isa = PBXFileReference; fileEncoding = 4; lastKnownFileType = sourcecode.swift; path = AlbumTableViewController.swift; sourceTree = "<group>"; };
		F26A6A681DE6990F00D26107 /* PhotoBrowser.swift */ = {isa = PBXFileReference; fileEncoding = 4; lastKnownFileType = sourcecode.swift; path = PhotoBrowser.swift; sourceTree = "<group>"; };
		F26A6A691DE6990F00D26107 /* PhotoBrowser+CropperViewController.swift */ = {isa = PBXFileReference; fileEncoding = 4; lastKnownFileType = sourcecode.swift; path = "PhotoBrowser+CropperViewController.swift"; sourceTree = "<group>"; };
		F26A6A6A1DE6990F00D26107 /* PhotoBrowser+GridViewController.swift */ = {isa = PBXFileReference; fileEncoding = 4; lastKnownFileType = sourcecode.swift; path = "PhotoBrowser+GridViewController.swift"; sourceTree = "<group>"; };
		F26A6A6B1DE6990F00D26107 /* PhotoBrowser+PreviewController.swift */ = {isa = PBXFileReference; fileEncoding = 4; lastKnownFileType = sourcecode.swift; path = "PhotoBrowser+PreviewController.swift"; sourceTree = "<group>"; };
		F26A6A6C1DE6990F00D26107 /* PhotoBrowser+TakerViewController.swift */ = {isa = PBXFileReference; fileEncoding = 4; lastKnownFileType = sourcecode.swift; path = "PhotoBrowser+TakerViewController.swift"; sourceTree = "<group>"; };
		F26A6A6D1DE6990F00D26107 /* PhotoBrowserDelegate.swift */ = {isa = PBXFileReference; fileEncoding = 4; lastKnownFileType = sourcecode.swift; path = PhotoBrowserDelegate.swift; sourceTree = "<group>"; };
		F26A6A6E1DE6990F00D26107 /* PhotoBrowserExtensions.swift */ = {isa = PBXFileReference; fileEncoding = 4; lastKnownFileType = sourcecode.swift; path = PhotoBrowserExtensions.swift; sourceTree = "<group>"; };
		F26A6A6F1DE6990F00D26107 /* PhotoBrowserOptions.swift */ = {isa = PBXFileReference; fileEncoding = 4; lastKnownFileType = sourcecode.swift; path = PhotoBrowserOptions.swift; sourceTree = "<group>"; };
		F26A6A711DE6990F00D26107 /* PECropRectView.h */ = {isa = PBXFileReference; fileEncoding = 4; lastKnownFileType = sourcecode.c.h; path = PECropRectView.h; sourceTree = "<group>"; };
		F26A6A721DE6990F00D26107 /* PECropRectView.m */ = {isa = PBXFileReference; fileEncoding = 4; lastKnownFileType = sourcecode.c.objc; path = PECropRectView.m; sourceTree = "<group>"; };
		F26A6A731DE6990F00D26107 /* PECropView.h */ = {isa = PBXFileReference; fileEncoding = 4; lastKnownFileType = sourcecode.c.h; path = PECropView.h; sourceTree = "<group>"; };
		F26A6A741DE6990F00D26107 /* PECropView.m */ = {isa = PBXFileReference; fileEncoding = 4; lastKnownFileType = sourcecode.c.objc; path = PECropView.m; sourceTree = "<group>"; };
		F26A6A751DE6990F00D26107 /* PECropViewController.h */ = {isa = PBXFileReference; fileEncoding = 4; lastKnownFileType = sourcecode.c.h; path = PECropViewController.h; sourceTree = "<group>"; };
		F26A6A761DE6990F00D26107 /* PECropViewController.m */ = {isa = PBXFileReference; fileEncoding = 4; lastKnownFileType = sourcecode.c.objc; path = PECropViewController.m; sourceTree = "<group>"; };
		F26A6A771DE6990F00D26107 /* PEPhotoCropEditor.bundle */ = {isa = PBXFileReference; lastKnownFileType = "wrapper.plug-in"; path = PEPhotoCropEditor.bundle; sourceTree = "<group>"; };
		F26A6A781DE6990F00D26107 /* PEResizeControl.h */ = {isa = PBXFileReference; fileEncoding = 4; lastKnownFileType = sourcecode.c.h; path = PEResizeControl.h; sourceTree = "<group>"; };
		F26A6A791DE6990F00D26107 /* PEResizeControl.m */ = {isa = PBXFileReference; fileEncoding = 4; lastKnownFileType = sourcecode.c.objc; path = PEResizeControl.m; sourceTree = "<group>"; };
		F26A6A7A1DE6990F00D26107 /* PhotoBrowser+View.swift */ = {isa = PBXFileReference; fileEncoding = 4; lastKnownFileType = sourcecode.swift; path = "PhotoBrowser+View.swift"; sourceTree = "<group>"; };
		F26A6A7B1DE6990F00D26107 /* UIImage+PECrop.h */ = {isa = PBXFileReference; fileEncoding = 4; lastKnownFileType = sourcecode.c.h; path = "UIImage+PECrop.h"; sourceTree = "<group>"; };
		F26A6A7C1DE6990F00D26107 /* UIImage+PECrop.m */ = {isa = PBXFileReference; fileEncoding = 4; lastKnownFileType = sourcecode.c.objc; path = "UIImage+PECrop.m"; sourceTree = "<group>"; };
		F26A6A8D1DE6BA0F00D26107 /* SystemPhotoAlbum.swift */ = {isa = PBXFileReference; fileEncoding = 4; lastKnownFileType = sourcecode.swift; path = SystemPhotoAlbum.swift; sourceTree = "<group>"; };
		F27AE1F71D928E09000E0509 /* CollectionReusableViewHeadre.swift */ = {isa = PBXFileReference; fileEncoding = 4; lastKnownFileType = sourcecode.swift; path = CollectionReusableViewHeadre.swift; sourceTree = "<group>"; };
		F27AE1F81D928E09000E0509 /* CollectionReusableViewHeadre.xib */ = {isa = PBXFileReference; fileEncoding = 4; lastKnownFileType = file.xib; path = CollectionReusableViewHeadre.xib; sourceTree = "<group>"; };
		F27AE1F91D928E09000E0509 /* QdanCollectionViewCell.swift */ = {isa = PBXFileReference; fileEncoding = 4; lastKnownFileType = sourcecode.swift; path = QdanCollectionViewCell.swift; sourceTree = "<group>"; };
		F27AE1FA1D928E09000E0509 /* QdanCollectionViewCell.xib */ = {isa = PBXFileReference; fileEncoding = 4; lastKnownFileType = file.xib; path = QdanCollectionViewCell.xib; sourceTree = "<group>"; };
		F27AE1FB1D928E09000E0509 /* QdanCollectionViewzeroCell.swift */ = {isa = PBXFileReference; fileEncoding = 4; lastKnownFileType = sourcecode.swift; path = QdanCollectionViewzeroCell.swift; sourceTree = "<group>"; };
		F27AE1FC1D928E09000E0509 /* QdanCollectionViewzeroCell.xib */ = {isa = PBXFileReference; fileEncoding = 4; lastKnownFileType = file.xib; path = QdanCollectionViewzeroCell.xib; sourceTree = "<group>"; };
		F27F5E401D8641EE00336915 /* JumpAnimationcontroller.swift */ = {isa = PBXFileReference; fileEncoding = 4; lastKnownFileType = sourcecode.swift; path = JumpAnimationcontroller.swift; sourceTree = "<group>"; };
		F27F5E421D8641EE00336915 /* CommonFuntion.swift */ = {isa = PBXFileReference; fileEncoding = 4; lastKnownFileType = sourcecode.swift; path = CommonFuntion.swift; sourceTree = "<group>"; };
		F27F5E451D8641EE00336915 /* String+Size.swift */ = {isa = PBXFileReference; fileEncoding = 4; lastKnownFileType = sourcecode.swift; path = "String+Size.swift"; sourceTree = "<group>"; };
		F27F5E461D8641EE00336915 /* Theme.swift */ = {isa = PBXFileReference; fileEncoding = 4; lastKnownFileType = sourcecode.swift; path = Theme.swift; sourceTree = "<group>"; };
		F27F5E481D8641EE00336915 /* UIBarItem+Swift.h */ = {isa = PBXFileReference; fileEncoding = 4; lastKnownFileType = sourcecode.c.h; path = "UIBarItem+Swift.h"; sourceTree = "<group>"; };
		F27F5E491D8641EE00336915 /* UIBarItem+Swift.m */ = {isa = PBXFileReference; fileEncoding = 4; lastKnownFileType = sourcecode.c.objc; path = "UIBarItem+Swift.m"; sourceTree = "<group>"; };
		F27F5E4B1D8641EE00336915 /* UIButton+Swift.h */ = {isa = PBXFileReference; fileEncoding = 4; lastKnownFileType = sourcecode.c.h; path = "UIButton+Swift.h"; sourceTree = "<group>"; };
		F27F5E4C1D8641EE00336915 /* UIButton+Swift.m */ = {isa = PBXFileReference; fileEncoding = 4; lastKnownFileType = sourcecode.c.objc; path = "UIButton+Swift.m"; sourceTree = "<group>"; };
		F27F5E4E1D8641EE00336915 /* UIImage+Gif.swift */ = {isa = PBXFileReference; fileEncoding = 4; lastKnownFileType = sourcecode.swift; path = "UIImage+Gif.swift"; sourceTree = "<group>"; };
		F27F5E501D8641EE00336915 /* UIView+Swift.h */ = {isa = PBXFileReference; fileEncoding = 4; lastKnownFileType = sourcecode.c.h; path = "UIView+Swift.h"; sourceTree = "<group>"; };
		F27F5E511D8641EE00336915 /* UIView+Swift.m */ = {isa = PBXFileReference; fileEncoding = 4; lastKnownFileType = sourcecode.c.objc; path = "UIView+Swift.m"; sourceTree = "<group>"; };
		F27F5E521D8641EE00336915 /* UIView+Toast.swift */ = {isa = PBXFileReference; fileEncoding = 4; lastKnownFileType = sourcecode.swift; path = "UIView+Toast.swift"; sourceTree = "<group>"; };
		F27F5E541D8641EE00336915 /* Uiviewcontroller+storyboard.swift */ = {isa = PBXFileReference; fileEncoding = 4; lastKnownFileType = sourcecode.swift; path = "Uiviewcontroller+storyboard.swift"; sourceTree = "<group>"; };
		F27F5E551D8641EE00336915 /* UIViewController+TopViewController.swift */ = {isa = PBXFileReference; fileEncoding = 4; lastKnownFileType = sourcecode.swift; path = "UIViewController+TopViewController.swift"; sourceTree = "<group>"; };
		F27F5E661D8643D000336915 /* CustomAnimation.swift */ = {isa = PBXFileReference; fileEncoding = 4; lastKnownFileType = sourcecode.swift; path = CustomAnimation.swift; sourceTree = "<group>"; };
		F27F5E671D8643D000336915 /* SwiftLogoLayer.swift */ = {isa = PBXFileReference; fileEncoding = 4; lastKnownFileType = sourcecode.swift; path = SwiftLogoLayer.swift; sourceTree = "<group>"; };
		F29401D91D94FD0A00CF582F /* Log.swift */ = {isa = PBXFileReference; fileEncoding = 4; lastKnownFileType = sourcecode.swift; path = Log.swift; sourceTree = "<group>"; };
		F29401DC1D94FF2C00CF582F /* BaiduLocationManager.swift */ = {isa = PBXFileReference; fileEncoding = 4; lastKnownFileType = sourcecode.swift; path = BaiduLocationManager.swift; sourceTree = "<group>"; };
		F29401DE1D94FF6300CF582F /* Location.swift */ = {isa = PBXFileReference; fileEncoding = 4; lastKnownFileType = sourcecode.swift; path = Location.swift; sourceTree = "<group>"; };
		F294B3371DFFDDB70055C8CB /* MobileAddressBooks.swift */ = {isa = PBXFileReference; fileEncoding = 4; lastKnownFileType = sourcecode.swift; path = MobileAddressBooks.swift; sourceTree = "<group>"; };
		F294B3381DFFDDB70055C8CB /* MobileAddressBooks.xib */ = {isa = PBXFileReference; fileEncoding = 4; lastKnownFileType = file.xib; path = MobileAddressBooks.xib; sourceTree = "<group>"; };
		F294B3391DFFDDB70055C8CB /* MObileFunction.swift */ = {isa = PBXFileReference; fileEncoding = 4; lastKnownFileType = sourcecode.swift; path = MObileFunction.swift; sourceTree = "<group>"; };
		F294B33A1DFFDDB70055C8CB /* MObileFunction.xib */ = {isa = PBXFileReference; fileEncoding = 4; lastKnownFileType = file.xib; path = MObileFunction.xib; sourceTree = "<group>"; };
		F294B33C1DFFDDB70055C8CB /* MobileAddres.swift */ = {isa = PBXFileReference; fileEncoding = 4; lastKnownFileType = sourcecode.swift; path = MobileAddres.swift; sourceTree = "<group>"; };
		F294B3401DFFDDB70055C8CB /* RetrieveMobileAddressbook.swift */ = {isa = PBXFileReference; fileEncoding = 4; lastKnownFileType = sourcecode.swift; path = RetrieveMobileAddressbook.swift; sourceTree = "<group>"; };
		F294B3411DFFDDB70055C8CB /* UserIphoneNumbercell.swift */ = {isa = PBXFileReference; fileEncoding = 4; lastKnownFileType = sourcecode.swift; path = UserIphoneNumbercell.swift; sourceTree = "<group>"; };
		F294B3421DFFDDB70055C8CB /* UserIphoneNumbercell.xib */ = {isa = PBXFileReference; fileEncoding = 4; lastKnownFileType = file.xib; path = UserIphoneNumbercell.xib; sourceTree = "<group>"; };
		F2AC1E401DF02BEE00F77860 /* commonlyEncryption.swift */ = {isa = PBXFileReference; fileEncoding = 4; lastKnownFileType = sourcecode.swift; path = commonlyEncryption.swift; sourceTree = "<group>"; };
		F2B2CB9E1DF29CFF002028D1 /* QNlistData.swift */ = {isa = PBXFileReference; fileEncoding = 4; lastKnownFileType = sourcecode.swift; path = QNlistData.swift; sourceTree = "<group>"; };
		F2D289AA1D856C420059D289 /* AppSetting.swift */ = {isa = PBXFileReference; fileEncoding = 4; lastKnownFileType = sourcecode.swift; path = AppSetting.swift; sourceTree = SOURCE_ROOT; };
		F2D3A3DF1E038E0D007DE758 /* FirstViewController.swift */ = {isa = PBXFileReference; fileEncoding = 4; lastKnownFileType = sourcecode.swift; path = FirstViewController.swift; sourceTree = "<group>"; };
		F2D3A3E01E038E0D007DE758 /* FirstViewController.xib */ = {isa = PBXFileReference; fileEncoding = 4; lastKnownFileType = file.xib; path = FirstViewController.xib; sourceTree = "<group>"; };
		F2D3A3E31E03A788007DE758 /* SecondViewController.swift */ = {isa = PBXFileReference; fileEncoding = 4; lastKnownFileType = sourcecode.swift; path = SecondViewController.swift; sourceTree = "<group>"; };
		F2D3A3E41E03A788007DE758 /* SecondViewController.xib */ = {isa = PBXFileReference; fileEncoding = 4; lastKnownFileType = file.xib; path = SecondViewController.xib; sourceTree = "<group>"; };
		F2D54B231D93A692006DE294 /* TableViewHeaderCell.swift */ = {isa = PBXFileReference; fileEncoding = 4; lastKnownFileType = sourcecode.swift; path = TableViewHeaderCell.swift; sourceTree = "<group>"; };
		F2D54B241D93A692006DE294 /* TableViewHeaderCell.xib */ = {isa = PBXFileReference; fileEncoding = 4; lastKnownFileType = file.xib; path = TableViewHeaderCell.xib; sourceTree = "<group>"; };
		F2D652C61D7E94A90005824D /* App.app */ = {isa = PBXFileReference; explicitFileType = wrapper.application; includeInIndex = 0; path = App.app; sourceTree = BUILT_PRODUCTS_DIR; };
		F2D652C91D7E94A90005824D /* AppDelegate.swift */ = {isa = PBXFileReference; lastKnownFileType = sourcecode.swift; path = AppDelegate.swift; sourceTree = "<group>"; };
		F2D652CB1D7E94A90005824D /* ViewController.swift */ = {isa = PBXFileReference; lastKnownFileType = sourcecode.swift; path = ViewController.swift; sourceTree = "<group>"; };
		F2D652CE1D7E94A90005824D /* Base */ = {isa = PBXFileReference; lastKnownFileType = file.storyboard; name = Base; path = Base.lproj/Main.storyboard; sourceTree = "<group>"; };
		F2D652D11D7E94A90005824D /* App.xcdatamodel */ = {isa = PBXFileReference; lastKnownFileType = wrapper.xcdatamodel; path = App.xcdatamodel; sourceTree = "<group>"; };
		F2D652D31D7E94A90005824D /* Assets.xcassets */ = {isa = PBXFileReference; lastKnownFileType = folder.assetcatalog; path = Assets.xcassets; sourceTree = "<group>"; };
		F2D652D61D7E94A90005824D /* Base */ = {isa = PBXFileReference; lastKnownFileType = file.storyboard; name = Base; path = Base.lproj/LaunchScreen.storyboard; sourceTree = "<group>"; };
		F2D652D81D7E94A90005824D /* Info.plist */ = {isa = PBXFileReference; lastKnownFileType = text.plist.xml; path = Info.plist; sourceTree = "<group>"; };
		F2D652DD1D7E94A90005824D /* AppTests.xctest */ = {isa = PBXFileReference; explicitFileType = wrapper.cfbundle; includeInIndex = 0; path = AppTests.xctest; sourceTree = BUILT_PRODUCTS_DIR; };
		F2D652E11D7E94A90005824D /* AppTests.swift */ = {isa = PBXFileReference; lastKnownFileType = sourcecode.swift; path = AppTests.swift; sourceTree = "<group>"; };
		F2D652E31D7E94A90005824D /* Info.plist */ = {isa = PBXFileReference; lastKnownFileType = text.plist.xml; path = Info.plist; sourceTree = "<group>"; };
		F2D652E81D7E94A90005824D /* AppUITests.xctest */ = {isa = PBXFileReference; explicitFileType = wrapper.cfbundle; includeInIndex = 0; path = AppUITests.xctest; sourceTree = BUILT_PRODUCTS_DIR; };
		F2D652EC1D7E94A90005824D /* AppUITests.swift */ = {isa = PBXFileReference; lastKnownFileType = sourcecode.swift; path = AppUITests.swift; sourceTree = "<group>"; };
		F2D652EE1D7E94A90005824D /* Info.plist */ = {isa = PBXFileReference; lastKnownFileType = text.plist.xml; path = Info.plist; sourceTree = "<group>"; };
		F2D690451DFE7A200087328B /* CollectionReusableHeadre.swift */ = {isa = PBXFileReference; fileEncoding = 4; lastKnownFileType = sourcecode.swift; path = CollectionReusableHeadre.swift; sourceTree = "<group>"; };
		F2D690461DFE7A200087328B /* CollectionReusableHeadre.xib */ = {isa = PBXFileReference; fileEncoding = 4; lastKnownFileType = file.xib; path = CollectionReusableHeadre.xib; sourceTree = "<group>"; };
		F2D690471DFE7A200087328B /* QNCollectionViewCell.swift */ = {isa = PBXFileReference; fileEncoding = 4; lastKnownFileType = sourcecode.swift; path = QNCollectionViewCell.swift; sourceTree = "<group>"; };
		F2D690481DFE7A200087328B /* QNCollectionViewCell.xib */ = {isa = PBXFileReference; fileEncoding = 4; lastKnownFileType = file.xib; path = QNCollectionViewCell.xib; sourceTree = "<group>"; };
		F2D690531DFE87DD0087328B /* QNPhotoController.swift */ = {isa = PBXFileReference; fileEncoding = 4; lastKnownFileType = sourcecode.swift; path = QNPhotoController.swift; sourceTree = "<group>"; };
		F2D690541DFE87DD0087328B /* QNPhotoController.xib */ = {isa = PBXFileReference; fileEncoding = 4; lastKnownFileType = file.xib; path = QNPhotoController.xib; sourceTree = "<group>"; };
		F2DFE7CF1D8298C900E5DC71 /* Bridging-Header.h */ = {isa = PBXFileReference; fileEncoding = 4; lastKnownFileType = sourcecode.c.h; path = "Bridging-Header.h"; sourceTree = "<group>"; };
		F2DFE7D01D82A1B300E5DC71 /* LoginviewController.swift */ = {isa = PBXFileReference; fileEncoding = 4; lastKnownFileType = sourcecode.swift; name = LoginviewController.swift; path = ../App/LoginviewController.swift; sourceTree = "<group>"; };
		F2DFE7D41D82A20D00E5DC71 /* HomeTabBarController.swift */ = {isa = PBXFileReference; fileEncoding = 4; lastKnownFileType = sourcecode.swift; path = HomeTabBarController.swift; sourceTree = "<group>"; };
		F2DFE7D91D82B45900E5DC71 /* Login.storyboard */ = {isa = PBXFileReference; fileEncoding = 4; lastKnownFileType = file.storyboard; path = Login.storyboard; sourceTree = "<group>"; };
		F2ED945B1D8699A2000C2E59 /* UIimage+Watermark.swift */ = {isa = PBXFileReference; fileEncoding = 4; lastKnownFileType = sourcecode.swift; path = "UIimage+Watermark.swift"; sourceTree = "<group>"; };
		F2ED94601D86AF8E000C2E59 /* ChatListviewcontroller.swift */ = {isa = PBXFileReference; fileEncoding = 4; lastKnownFileType = sourcecode.swift; path = ChatListviewcontroller.swift; sourceTree = "<group>"; };
		F2ED94631D86B010000C2E59 /* APPviewcontroller.swift */ = {isa = PBXFileReference; fileEncoding = 4; lastKnownFileType = sourcecode.swift; path = APPviewcontroller.swift; sourceTree = "<group>"; };
		F2FA2D9E1DE808D000CE0A3C /* DownloadfileView.swift */ = {isa = PBXFileReference; fileEncoding = 4; lastKnownFileType = sourcecode.swift; path = DownloadfileView.swift; sourceTree = "<group>"; };
		F2FA2D9F1DE808D000CE0A3C /* DownloadfileView.xib */ = {isa = PBXFileReference; fileEncoding = 4; lastKnownFileType = file.xib; path = DownloadfileView.xib; sourceTree = "<group>"; };
/* End PBXFileReference section */

/* Begin PBXFrameworksBuildPhase section */
		F2D652C31D7E94A90005824D /* Frameworks */ = {
			isa = PBXFrameworksBuildPhase;
			buildActionMask = 2147483647;
			files = (
				0DEA056F86E94ED63057A635 /* Pods_App.framework in Frameworks */,
			);
			runOnlyForDeploymentPostprocessing = 0;
		};
		F2D652DA1D7E94A90005824D /* Frameworks */ = {
			isa = PBXFrameworksBuildPhase;
			buildActionMask = 2147483647;
			files = (
			);
			runOnlyForDeploymentPostprocessing = 0;
		};
		F2D652E51D7E94A90005824D /* Frameworks */ = {
			isa = PBXFrameworksBuildPhase;
			buildActionMask = 2147483647;
			files = (
			);
			runOnlyForDeploymentPostprocessing = 0;
		};
/* End PBXFrameworksBuildPhase section */

/* Begin PBXGroup section */
		17CEA37B07049A6F5A54EE49 /* Frameworks */ = {
			isa = PBXGroup;
			children = (
				7FEFAF43BC70671EDF9716E6 /* Pods_App.framework */,
			);
			name = Frameworks;
			sourceTree = "<group>";
		};
		654B6AD41D9D25DA00B46F6F /* Filter */ = {
			isa = PBXGroup;
			children = (
				65529C391D9E722A00ED3E1C /* CubeMap.c */,
				654B6AD51D9D25DA00B46F6F /* FilterViewController.swift */,
				654B6AD61D9D25DA00B46F6F /* MutableFilterViewController.swift */,
				65529C341D9E66CE00ED3E1C /* MutableFilterMoreViewController.swift */,
			);
			path = Filter;
			sourceTree = "<group>";
		};
		654B6AD71D9D25DA00B46F6F /* Gradient */ = {
			isa = PBXGroup;
			children = (
				654B6AD81D9D25DA00B46F6F /* GradientViewController.swift */,
			);
			path = Gradient;
			sourceTree = "<group>";
		};
		EE62508F8DE98C65D9612A64 /* Pods */ = {
			isa = PBXGroup;
			children = (
				CA5A6087CE1A63B4E2D426C9 /* Pods-App.debug.xcconfig */,
				544049F072F8E3FA12FE0D85 /* Pods-App.release.xcconfig */,
			);
			name = Pods;
			sourceTree = "<group>";
		};
		F21437AA1D98D3DB000E0CBF /* BaiDuMap */ = {
			isa = PBXGroup;
			children = (
				F21437AB1D98D403000E0CBF /* BaiduMapViewController.swift */,
			);
			path = BaiDuMap;
			sourceTree = "<group>";
		};
		F21437AD1D98EE27000E0CBF /* Http */ = {
			isa = PBXGroup;
			children = (
				F21437AE1D98EE27000E0CBF /* AlamofireSetting.swift */,
				F21437AF1D98EE27000E0CBF /* Cache */,
				F21437B31D98EE27000E0CBF /* LDApiDataTypes.swift */,
				F21437B41D98EE27000E0CBF /* LDApiError.swift */,
				F21437B51D98EE27000E0CBF /* LDApiRequest.swift */,
				F21437B61D98EE27000E0CBF /* LDApiResponse.swift */,
				F21437B71D98EE27000E0CBF /* LDApiSettings.swift */,
				F21437B81D98EE27000E0CBF /* LDCacheSettings.swift */,
			);
			path = Http;
			sourceTree = "<group>";
		};
		F21437AF1D98EE27000E0CBF /* Cache */ = {
			isa = PBXGroup;
			children = (
				F21437B01D98EE27000E0CBF /* LDCachable.swift */,
				F21437B11D98EE27000E0CBF /* LDCacheItem.swift */,
				F21437B21D98EE27000E0CBF /* LDRealmCache.swift */,
			);
			path = Cache;
			sourceTree = "<group>";
		};
		F21437C51D98EF16000E0CBF /* Model */ = {
			isa = PBXGroup;
			children = (
				F2B2CB9E1DF29CFF002028D1 /* QNlistData.swift */,
				F24E9A3D1DEEBA5E00A45EB8 /* User.swift */,
				F24E9A331DEEB07600A45EB8 /* MappableBaseType.swift */,
				F21437C61D98EF21000E0CBF /* LoginUser.swift */,
			);
			path = Model;
			sourceTree = "<group>";
		};
		F23096761E0238C4001ACE00 /* TYPagerController */ = {
			isa = PBXGroup;
			children = (
				F23096771E0238C4001ACE00 /* TYPagerController.h */,
				F23096781E0238C4001ACE00 /* TYPagerController.m */,
				F23096791E0238C4001ACE00 /* TYTabButtonPagerController.h */,
				F230967A1E0238C4001ACE00 /* TYTabButtonPagerController.m */,
				F230967B1E0238C4001ACE00 /* TYTabPagerController.h */,
				F230967C1E0238C4001ACE00 /* TYTabPagerController.m */,
				F230967D1E0238C4001ACE00 /* TYTabTitleCellProtocol.h */,
				F230967E1E0238C4001ACE00 /* TYTabTitleViewCell.h */,
				F230967F1E0238C4001ACE00 /* TYTabTitleViewCell.m */,
			);
			path = TYPagerController;
			sourceTree = "<group>";
		};
		F230968F1E0279EA001ACE00 /* UItableview */ = {
			isa = PBXGroup;
			children = (
				F23096901E027A59001ACE00 /* ZHJtableview.swift */,
			);
			path = UItableview;
			sourceTree = "<group>";
		};
		F23096921E0298CE001ACE00 /* viewcontrollers */ = {
			isa = PBXGroup;
			children = (
				F2D3A3DF1E038E0D007DE758 /* FirstViewController.swift */,
				F2D3A3E01E038E0D007DE758 /* FirstViewController.xib */,
				F2D3A3E31E03A788007DE758 /* SecondViewController.swift */,
				F2D3A3E41E03A788007DE758 /* SecondViewController.xib */,
			);
			path = viewcontrollers;
			sourceTree = "<group>";
		};
		F24E9A351DEEB16800A45EB8 /* uploadPictures */ = {
			isa = PBXGroup;
			children = (
				F24E9A361DEEB18A00A45EB8 /* UploadPicturesView.swift */,
				F24E9A371DEEB18A00A45EB8 /* uploadPicturesView.xib */,
				F24E9A3F1DEED00E00A45EB8 /* uploadGetToken.h */,
				F24E9A401DEED00E00A45EB8 /* uploadGetToken.m */,
			);
			path = uploadPictures;
			sourceTree = "<group>";
		};
		F24E9A3A1DEEBA0800A45EB8 /* images */ = {
			isa = PBXGroup;
			children = (
				F24E9A3B1DEEBA0800A45EB8 /* gif131.gif */,
			);
			path = images;
			sourceTree = "<group>";
		};
		F25E22E71D9B99ED00A0F0DA /* RC */ = {
			isa = PBXGroup;
			children = (
				F25E22E81D9B9A1D00A0F0DA /* AppChatScreenViewController.swift */,
			);
			path = RC;
			sourceTree = "<group>";
		};
		F25F3F041DF7E18D00ACACB6 /* Photoalbum */ = {
			isa = PBXGroup;
			children = (
				F2D690441DFE7A200087328B /* cell */,
				F2D690531DFE87DD0087328B /* QNPhotoController.swift */,
				F2D690541DFE87DD0087328B /* QNPhotoController.xib */,
			);
			path = Photoalbum;
			sourceTree = "<group>";
		};
		F2666A8C1D879C6100B2029E /* My */ = {
			isa = PBXGroup;
			children = (
				F23096921E0298CE001ACE00 /* viewcontrollers */,
				F2D54B221D93A672006DE294 /* tableview */,
				F2666A8E1D879CCD00B2029E /* Myviewcontroller.swift */,
			);
			name = My;
			path = ../My;
			sourceTree = "<group>";
		};
		F2666A8D1D879C6F00B2029E /* Functions */ = {
			isa = PBXGroup;
			children = (
				F294B3361DFFDDB70055C8CB /* MobileAddressBook */,
				F25F3F041DF7E18D00ACACB6 /* Photoalbum */,
				F24E9A351DEEB16800A45EB8 /* uploadPictures */,
				F2FA2D9D1DE808D000CE0A3C /* DownloadfileView */,
				F26A6A661DE6981F00D26107 /* Photographic */,
				654B6AD41D9D25DA00B46F6F /* Filter */,
				654B6AD71D9D25DA00B46F6F /* Gradient */,
				F21437AA1D98D3DB000E0CBF /* BaiDuMap */,
				F27AE1F61D928E09000E0509 /* collectionCell */,
				F2666A901D879CEE00B2029E /* FunctionsViewController.swift */,
			);
			name = Functions;
			path = ../Functions;
			sourceTree = "<group>";
		};
		F2666A921D87A42000B2029E /* Notifications */ = {
			isa = PBXGroup;
			children = (
				F2666A931D87A42000B2029E /* Notifications.swift */,
			);
			path = Notifications;
			sourceTree = "<group>";
		};
		F26871E91D9236D800611136 /* BaeseMjfresh */ = {
			isa = PBXGroup;
			children = (
				F26871EC1D9236D800611136 /* LDNoDataNoticeView.swift */,
				F26871ED1D9236D800611136 /* LDNoDataNoticeView.xib */,
				F26871EA1D9236D800611136 /* collectionview */,
				F26871EE1D9236D800611136 /* tableview */,
				F26871F01D9236D800611136 /* top */,
			);
			path = BaeseMjfresh;
			sourceTree = "<group>";
		};
		F26871EA1D9236D800611136 /* collectionview */ = {
			isa = PBXGroup;
			children = (
				F26871EB1D9236D800611136 /* MJrefreshCollectionview.swift */,
			);
			path = collectionview;
			sourceTree = "<group>";
		};
		F26871EE1D9236D800611136 /* tableview */ = {
			isa = PBXGroup;
			children = (
				F26871EF1D9236D800611136 /* MJrefreshTableview.swift */,
			);
			path = tableview;
			sourceTree = "<group>";
		};
		F26871F01D9236D800611136 /* top */ = {
			isa = PBXGroup;
			children = (
				F26871F11D9236D800611136 /* UIScrollView+TopRefresh.h */,
				F26871F21D9236D800611136 /* UIScrollView+TopRefresh.m */,
			);
			path = top;
			sourceTree = "<group>";
		};
		F26A6A661DE6981F00D26107 /* Photographic */ = {
			isa = PBXGroup;
			children = (
				F26A6A8D1DE6BA0F00D26107 /* SystemPhotoAlbum.swift */,
				F26A6A671DE6990F00D26107 /* AlbumTableViewController.swift */,
				F26A6A681DE6990F00D26107 /* PhotoBrowser.swift */,
				F26A6A691DE6990F00D26107 /* PhotoBrowser+CropperViewController.swift */,
				F26A6A6A1DE6990F00D26107 /* PhotoBrowser+GridViewController.swift */,
				F26A6A6B1DE6990F00D26107 /* PhotoBrowser+PreviewController.swift */,
				F26A6A6C1DE6990F00D26107 /* PhotoBrowser+TakerViewController.swift */,
				F26A6A6D1DE6990F00D26107 /* PhotoBrowserDelegate.swift */,
				F26A6A6E1DE6990F00D26107 /* PhotoBrowserExtensions.swift */,
				F26A6A6F1DE6990F00D26107 /* PhotoBrowserOptions.swift */,
				F26A6A701DE6990F00D26107 /* PhotoBrowserThirdParty */,
			);
			path = Photographic;
			sourceTree = "<group>";
		};
		F26A6A701DE6990F00D26107 /* PhotoBrowserThirdParty */ = {
			isa = PBXGroup;
			children = (
				F26A6A711DE6990F00D26107 /* PECropRectView.h */,
				F26A6A721DE6990F00D26107 /* PECropRectView.m */,
				F26A6A731DE6990F00D26107 /* PECropView.h */,
				F26A6A741DE6990F00D26107 /* PECropView.m */,
				F26A6A751DE6990F00D26107 /* PECropViewController.h */,
				F26A6A761DE6990F00D26107 /* PECropViewController.m */,
				F26A6A771DE6990F00D26107 /* PEPhotoCropEditor.bundle */,
				F26A6A781DE6990F00D26107 /* PEResizeControl.h */,
				F26A6A791DE6990F00D26107 /* PEResizeControl.m */,
				F26A6A7A1DE6990F00D26107 /* PhotoBrowser+View.swift */,
				F26A6A7B1DE6990F00D26107 /* UIImage+PECrop.h */,
				F26A6A7C1DE6990F00D26107 /* UIImage+PECrop.m */,
			);
			path = PhotoBrowserThirdParty;
			sourceTree = "<group>";
		};
		F27AE1F61D928E09000E0509 /* collectionCell */ = {
			isa = PBXGroup;
			children = (
				F27AE1F71D928E09000E0509 /* CollectionReusableViewHeadre.swift */,
				F27AE1F81D928E09000E0509 /* CollectionReusableViewHeadre.xib */,
				F27AE1F91D928E09000E0509 /* QdanCollectionViewCell.swift */,
				F27AE1FA1D928E09000E0509 /* QdanCollectionViewCell.xib */,
				F27AE1FB1D928E09000E0509 /* QdanCollectionViewzeroCell.swift */,
				F27AE1FC1D928E09000E0509 /* QdanCollectionViewzeroCell.xib */,
			);
			path = collectionCell;
			sourceTree = "<group>";
		};
		F27F5E3E1D8641EE00336915 /* common */ = {
			isa = PBXGroup;
			children = (
				F24E9A311DEEA77B00A45EB8 /* QNUtils.swift */,
				F21437C31D98EEA9000E0CBF /* Session.swift */,
				F29401D91D94FD0A00CF582F /* Log.swift */,
				F27F5E421D8641EE00336915 /* CommonFuntion.swift */,
				F27F5E461D8641EE00336915 /* Theme.swift */,
				F23096761E0238C4001ACE00 /* TYPagerController */,
				F230968F1E0279EA001ACE00 /* UItableview */,
				F21437AD1D98EE27000E0CBF /* Http */,
				F29401DB1D94FF2C00CF582F /* baiduMap */,
				F26871E91D9236D800611136 /* BaeseMjfresh */,
				F2666A921D87A42000B2029E /* Notifications */,
				F2ED94621D86AFCD000C2E59 /* Base */,
				F27F5E3F1D8641EE00336915 /* animation */,
				F27F5E441D8641EE00336915 /* String */,
				F27F5E471D8641EE00336915 /* UIBarlitem */,
				F27F5E4A1D8641EE00336915 /* UIButton */,
				F27F5E4D1D8641EE00336915 /* UIimage */,
				F27F5E4F1D8641EE00336915 /* Uiview */,
				F27F5E531D8641EE00336915 /* UIviewcontrol */,
				F2AC1E401DF02BEE00F77860 /* commonlyEncryption.swift */,
			);
			path = common;
			sourceTree = "<group>";
		};
		F27F5E3F1D8641EE00336915 /* animation */ = {
			isa = PBXGroup;
			children = (
				F27F5E651D8643D000336915 /* customAnimation */,
				F27F5E401D8641EE00336915 /* JumpAnimationcontroller.swift */,
			);
			path = animation;
			sourceTree = "<group>";
		};
		F27F5E441D8641EE00336915 /* String */ = {
			isa = PBXGroup;
			children = (
				F27F5E451D8641EE00336915 /* String+Size.swift */,
			);
			path = String;
			sourceTree = "<group>";
		};
		F27F5E471D8641EE00336915 /* UIBarlitem */ = {
			isa = PBXGroup;
			children = (
				F27F5E481D8641EE00336915 /* UIBarItem+Swift.h */,
				F27F5E491D8641EE00336915 /* UIBarItem+Swift.m */,
			);
			path = UIBarlitem;
			sourceTree = "<group>";
		};
		F27F5E4A1D8641EE00336915 /* UIButton */ = {
			isa = PBXGroup;
			children = (
				F27F5E4B1D8641EE00336915 /* UIButton+Swift.h */,
				F27F5E4C1D8641EE00336915 /* UIButton+Swift.m */,
			);
			path = UIButton;
			sourceTree = "<group>";
		};
		F27F5E4D1D8641EE00336915 /* UIimage */ = {
			isa = PBXGroup;
			children = (
				F27F5E4E1D8641EE00336915 /* UIImage+Gif.swift */,
				F2ED945B1D8699A2000C2E59 /* UIimage+Watermark.swift */,
			);
			path = UIimage;
			sourceTree = "<group>";
		};
		F27F5E4F1D8641EE00336915 /* Uiview */ = {
			isa = PBXGroup;
			children = (
				F27F5E501D8641EE00336915 /* UIView+Swift.h */,
				F27F5E511D8641EE00336915 /* UIView+Swift.m */,
				F27F5E521D8641EE00336915 /* UIView+Toast.swift */,
				6598A7321D93EB3D00A22338 /* UIView+Gradient.swift */,
			);
			path = Uiview;
			sourceTree = "<group>";
		};
		F27F5E531D8641EE00336915 /* UIviewcontrol */ = {
			isa = PBXGroup;
			children = (
				F27F5E541D8641EE00336915 /* Uiviewcontroller+storyboard.swift */,
				F27F5E551D8641EE00336915 /* UIViewController+TopViewController.swift */,
			);
			path = UIviewcontrol;
			sourceTree = "<group>";
		};
		F27F5E651D8643D000336915 /* customAnimation */ = {
			isa = PBXGroup;
			children = (
				F27F5E661D8643D000336915 /* CustomAnimation.swift */,
				F27F5E671D8643D000336915 /* SwiftLogoLayer.swift */,
			);
			path = customAnimation;
			sourceTree = "<group>";
		};
		F29401DB1D94FF2C00CF582F /* baiduMap */ = {
			isa = PBXGroup;
			children = (
				F29401DE1D94FF6300CF582F /* Location.swift */,
				F29401DC1D94FF2C00CF582F /* BaiduLocationManager.swift */,
			);
			path = baiduMap;
			sourceTree = "<group>";
		};
		F294B3361DFFDDB70055C8CB /* MobileAddressBook */ = {
			isa = PBXGroup;
			children = (
				F294B33B1DFFDDB70055C8CB /* model */,
				F294B33F1DFFDDB70055C8CB /* retrieve */,
				F294B3371DFFDDB70055C8CB /* MobileAddressBooks.swift */,
				F294B3381DFFDDB70055C8CB /* MobileAddressBooks.xib */,
				F294B3391DFFDDB70055C8CB /* MObileFunction.swift */,
				F294B33A1DFFDDB70055C8CB /* MObileFunction.xib */,
				F294B3411DFFDDB70055C8CB /* UserIphoneNumbercell.swift */,
				F294B3421DFFDDB70055C8CB /* UserIphoneNumbercell.xib */,
			);
			path = MobileAddressBook;
			sourceTree = "<group>";
		};
		F294B33B1DFFDDB70055C8CB /* model */ = {
			isa = PBXGroup;
			children = (
				F294B33C1DFFDDB70055C8CB /* MobileAddres.swift */,
			);
			path = model;
			sourceTree = "<group>";
		};
		F294B33F1DFFDDB70055C8CB /* retrieve */ = {
			isa = PBXGroup;
			children = (
				F294B3401DFFDDB70055C8CB /* RetrieveMobileAddressbook.swift */,
			);
			path = retrieve;
			sourceTree = "<group>";
		};
		F2D54B221D93A672006DE294 /* tableview */ = {
			isa = PBXGroup;
			children = (
				F2D54B231D93A692006DE294 /* TableViewHeaderCell.swift */,
				F2D54B241D93A692006DE294 /* TableViewHeaderCell.xib */,
			);
			path = tableview;
			sourceTree = "<group>";
		};
		F2D652BD1D7E94A90005824D = {
			isa = PBXGroup;
			children = (
				F24E9A3A1DEEBA0800A45EB8 /* images */,
				F27F5E3E1D8641EE00336915 /* common */,
				F2D652C81D7E94A90005824D /* App */,
				F2D652E01D7E94A90005824D /* AppTests */,
				F2D652EB1D7E94A90005824D /* AppUITests */,
				F2D652C71D7E94A90005824D /* Products */,
				EE62508F8DE98C65D9612A64 /* Pods */,
				17CEA37B07049A6F5A54EE49 /* Frameworks */,
			);
			sourceTree = "<group>";
		};
		F2D652C71D7E94A90005824D /* Products */ = {
			isa = PBXGroup;
			children = (
				F2D652C61D7E94A90005824D /* App.app */,
				F2D652DD1D7E94A90005824D /* AppTests.xctest */,
				F2D652E81D7E94A90005824D /* AppUITests.xctest */,
			);
			name = Products;
			sourceTree = "<group>";
		};
		F2D652C81D7E94A90005824D /* App */ = {
			isa = PBXGroup;
			children = (
				F21437C51D98EF16000E0CBF /* Model */,
				F2DFE7D61D82AE9100E5DC71 /* Login */,
				F2666A8D1D879C6F00B2029E /* Functions */,
				F2666A8C1D879C6100B2029E /* My */,
				F2ED945D1D86AF45000C2E59 /* Chat */,
				F2D289AA1D856C420059D289 /* AppSetting.swift */,
				F2DFE7D41D82A20D00E5DC71 /* HomeTabBarController.swift */,
				F2D652C91D7E94A90005824D /* AppDelegate.swift */,
				F2D652CB1D7E94A90005824D /* ViewController.swift */,
				F2D652CD1D7E94A90005824D /* Main.storyboard */,
				F2D652D31D7E94A90005824D /* Assets.xcassets */,
				F2D652D51D7E94A90005824D /* LaunchScreen.storyboard */,
				F2D652D81D7E94A90005824D /* Info.plist */,
				F2D652D01D7E94A90005824D /* App.xcdatamodeld */,
				F2DFE7CF1D8298C900E5DC71 /* Bridging-Header.h */,
			);
			path = App;
			sourceTree = "<group>";
		};
		F2D652E01D7E94A90005824D /* AppTests */ = {
			isa = PBXGroup;
			children = (
				F2D652E11D7E94A90005824D /* AppTests.swift */,
				F2D652E31D7E94A90005824D /* Info.plist */,
			);
			path = AppTests;
			sourceTree = "<group>";
		};
		F2D652EB1D7E94A90005824D /* AppUITests */ = {
			isa = PBXGroup;
			children = (
				F2D652EC1D7E94A90005824D /* AppUITests.swift */,
				F2D652EE1D7E94A90005824D /* Info.plist */,
			);
			path = AppUITests;
			sourceTree = "<group>";
		};
		F2D690441DFE7A200087328B /* cell */ = {
			isa = PBXGroup;
			children = (
				F2D690451DFE7A200087328B /* CollectionReusableHeadre.swift */,
				F2D690461DFE7A200087328B /* CollectionReusableHeadre.xib */,
				F2D690471DFE7A200087328B /* QNCollectionViewCell.swift */,
				F2D690481DFE7A200087328B /* QNCollectionViewCell.xib */,
			);
			path = cell;
			sourceTree = "<group>";
		};
		F2DFE7D61D82AE9100E5DC71 /* Login */ = {
			isa = PBXGroup;
			children = (
				F2DFE7D01D82A1B300E5DC71 /* LoginviewController.swift */,
				F2DFE7D91D82B45900E5DC71 /* Login.storyboard */,
				F217F2071D842B74000E3A0D /* RegisteredViewController.swift */,
				F217F2081D842B74000E3A0D /* RegisteredViewController.xib */,
			);
			name = Login;
			path = ../Login;
			sourceTree = "<group>";
		};
		F2ED945D1D86AF45000C2E59 /* Chat */ = {
			isa = PBXGroup;
			children = (
				F25E22E71D9B99ED00A0F0DA /* RC */,
				F2ED94601D86AF8E000C2E59 /* ChatListviewcontroller.swift */,
			);
			name = Chat;
			path = ../Chat;
			sourceTree = "<group>";
		};
		F2ED94621D86AFCD000C2E59 /* Base */ = {
			isa = PBXGroup;
			children = (
				F2ED94631D86B010000C2E59 /* APPviewcontroller.swift */,
			);
			path = Base;
			sourceTree = "<group>";
		};
		F2FA2D9D1DE808D000CE0A3C /* DownloadfileView */ = {
			isa = PBXGroup;
			children = (
				F2FA2D9E1DE808D000CE0A3C /* DownloadfileView.swift */,
				F2FA2D9F1DE808D000CE0A3C /* DownloadfileView.xib */,
			);
			path = DownloadfileView;
			sourceTree = "<group>";
		};
/* End PBXGroup section */

/* Begin PBXNativeTarget section */
		F2D652C51D7E94A90005824D /* App */ = {
			isa = PBXNativeTarget;
			buildConfigurationList = F2D652F11D7E94A90005824D /* Build configuration list for PBXNativeTarget "App" */;
			buildPhases = (
				06B26FDF9A7EF0836C94A2CD /* [CP] Check Pods Manifest.lock */,
				F2D652C21D7E94A90005824D /* Sources */,
				F2D652C31D7E94A90005824D /* Frameworks */,
				F2D652C41D7E94A90005824D /* Resources */,
				8BE16E96C75687AB7F3DA1FB /* [CP] Embed Pods Frameworks */,
				32F335A404EDC93686839C60 /* [CP] Copy Pods Resources */,
			);
			buildRules = (
			);
			dependencies = (
			);
			name = App;
			productName = App;
			productReference = F2D652C61D7E94A90005824D /* App.app */;
			productType = "com.apple.product-type.application";
		};
		F2D652DC1D7E94A90005824D /* AppTests */ = {
			isa = PBXNativeTarget;
			buildConfigurationList = F2D652F41D7E94A90005824D /* Build configuration list for PBXNativeTarget "AppTests" */;
			buildPhases = (
				F2D652D91D7E94A90005824D /* Sources */,
				F2D652DA1D7E94A90005824D /* Frameworks */,
				F2D652DB1D7E94A90005824D /* Resources */,
			);
			buildRules = (
			);
			dependencies = (
				F2D652DF1D7E94A90005824D /* PBXTargetDependency */,
			);
			name = AppTests;
			productName = AppTests;
			productReference = F2D652DD1D7E94A90005824D /* AppTests.xctest */;
			productType = "com.apple.product-type.bundle.unit-test";
		};
		F2D652E71D7E94A90005824D /* AppUITests */ = {
			isa = PBXNativeTarget;
			buildConfigurationList = F2D652F71D7E94A90005824D /* Build configuration list for PBXNativeTarget "AppUITests" */;
			buildPhases = (
				F2D652E41D7E94A90005824D /* Sources */,
				F2D652E51D7E94A90005824D /* Frameworks */,
				F2D652E61D7E94A90005824D /* Resources */,
			);
			buildRules = (
			);
			dependencies = (
				F2D652EA1D7E94A90005824D /* PBXTargetDependency */,
			);
			name = AppUITests;
			productName = AppUITests;
			productReference = F2D652E81D7E94A90005824D /* AppUITests.xctest */;
			productType = "com.apple.product-type.bundle.ui-testing";
		};
/* End PBXNativeTarget section */

/* Begin PBXProject section */
		F2D652BE1D7E94A90005824D /* Project object */ = {
			isa = PBXProject;
			attributes = {
				LastSwiftUpdateCheck = 0730;
				LastUpgradeCheck = 0800;
				ORGANIZATIONNAME = IndependentRegiment;
				TargetAttributes = {
					F2D652C51D7E94A90005824D = {
						CreatedOnToolsVersion = 7.3.1;
						DevelopmentTeam = K7W2W4ASWV;
						LastSwiftMigration = 0800;
					};
					F2D652DC1D7E94A90005824D = {
						CreatedOnToolsVersion = 7.3.1;
						DevelopmentTeam = K7W2W4ASWV;
						LastSwiftMigration = 0800;
						TestTargetID = F2D652C51D7E94A90005824D;
					};
					F2D652E71D7E94A90005824D = {
						CreatedOnToolsVersion = 7.3.1;
						DevelopmentTeam = K7W2W4ASWV;
						LastSwiftMigration = 0800;
						TestTargetID = F2D652C51D7E94A90005824D;
					};
				};
			};
			buildConfigurationList = F2D652C11D7E94A90005824D /* Build configuration list for PBXProject "App" */;
			compatibilityVersion = "Xcode 3.2";
			developmentRegion = English;
			hasScannedForEncodings = 0;
			knownRegions = (
				en,
				Base,
			);
			mainGroup = F2D652BD1D7E94A90005824D;
			productRefGroup = F2D652C71D7E94A90005824D /* Products */;
			projectDirPath = "";
			projectRoot = "";
			targets = (
				F2D652C51D7E94A90005824D /* App */,
				F2D652DC1D7E94A90005824D /* AppTests */,
				F2D652E71D7E94A90005824D /* AppUITests */,
			);
		};
/* End PBXProject section */

/* Begin PBXResourcesBuildPhase section */
		F2D652C41D7E94A90005824D /* Resources */ = {
			isa = PBXResourcesBuildPhase;
			buildActionMask = 2147483647;
			files = (
				F27AE2021D928E09000E0509 /* QdanCollectionViewzeroCell.xib in Resources */,
				F2D3A3E21E038E0D007DE758 /* FirstViewController.xib in Resources */,
				F294B3441DFFDDB70055C8CB /* MobileAddressBooks.xib in Resources */,
				F24E9A391DEEB18A00A45EB8 /* uploadPicturesView.xib in Resources */,
				F27AE1FE1D928E09000E0509 /* CollectionReusableViewHeadre.xib in Resources */,
				F2D652D71D7E94A90005824D /* LaunchScreen.storyboard in Resources */,
				F2D6904E1DFE7A200087328B /* QNCollectionViewCell.xib in Resources */,
				F2DFE7DA1D82B45900E5DC71 /* Login.storyboard in Resources */,
				F2D3A3E61E03A788007DE758 /* SecondViewController.xib in Resources */,
				F2D6904C1DFE7A200087328B /* CollectionReusableHeadre.xib in Resources */,
				F2D54B261D93A692006DE294 /* TableViewHeaderCell.xib in Resources */,
				F217F20A1D842B74000E3A0D /* RegisteredViewController.xib in Resources */,
				F27AE2001D928E09000E0509 /* QdanCollectionViewCell.xib in Resources */,
				F294B3461DFFDDB70055C8CB /* MObileFunction.xib in Resources */,
				F294B34B1DFFDDB70055C8CB /* UserIphoneNumbercell.xib in Resources */,
				F2FA2DA11DE808D000CE0A3C /* DownloadfileView.xib in Resources */,
				F24E9A3C1DEEBA0800A45EB8 /* gif131.gif in Resources */,
				F2D690561DFE87DD0087328B /* QNPhotoController.xib in Resources */,
				F26871F51D9236D800611136 /* LDNoDataNoticeView.xib in Resources */,
				F2D652D41D7E94A90005824D /* Assets.xcassets in Resources */,
				F2D652CF1D7E94A90005824D /* Main.storyboard in Resources */,
				F26A6A891DE6990F00D26107 /* PEPhotoCropEditor.bundle in Resources */,
			);
			runOnlyForDeploymentPostprocessing = 0;
		};
		F2D652DB1D7E94A90005824D /* Resources */ = {
			isa = PBXResourcesBuildPhase;
			buildActionMask = 2147483647;
			files = (
			);
			runOnlyForDeploymentPostprocessing = 0;
		};
		F2D652E61D7E94A90005824D /* Resources */ = {
			isa = PBXResourcesBuildPhase;
			buildActionMask = 2147483647;
			files = (
			);
			runOnlyForDeploymentPostprocessing = 0;
		};
/* End PBXResourcesBuildPhase section */

/* Begin PBXShellScriptBuildPhase section */
		06B26FDF9A7EF0836C94A2CD /* [CP] Check Pods Manifest.lock */ = {
			isa = PBXShellScriptBuildPhase;
			buildActionMask = 2147483647;
			files = (
			);
			inputPaths = (
			);
			name = "[CP] Check Pods Manifest.lock";
			outputPaths = (
			);
			runOnlyForDeploymentPostprocessing = 0;
			shellPath = /bin/sh;
			shellScript = "diff \"${PODS_ROOT}/../Podfile.lock\" \"${PODS_ROOT}/Manifest.lock\" > /dev/null\nif [ $? != 0 ] ; then\n    # print error to STDERR\n    echo \"error: The sandbox is not in sync with the Podfile.lock. Run 'pod install' or update your CocoaPods installation.\" >&2\n    exit 1\nfi\n";
			showEnvVarsInLog = 0;
		};
		32F335A404EDC93686839C60 /* [CP] Copy Pods Resources */ = {
			isa = PBXShellScriptBuildPhase;
			buildActionMask = 2147483647;
			files = (
			);
			inputPaths = (
			);
			name = "[CP] Copy Pods Resources";
			outputPaths = (
			);
			runOnlyForDeploymentPostprocessing = 0;
			shellPath = /bin/sh;
			shellScript = "\"${SRCROOT}/Pods/Target Support Files/Pods-App/Pods-App-resources.sh\"\n";
			showEnvVarsInLog = 0;
		};
		8BE16E96C75687AB7F3DA1FB /* [CP] Embed Pods Frameworks */ = {
			isa = PBXShellScriptBuildPhase;
			buildActionMask = 2147483647;
			files = (
			);
			inputPaths = (
			);
			name = "[CP] Embed Pods Frameworks";
			outputPaths = (
			);
			runOnlyForDeploymentPostprocessing = 0;
			shellPath = /bin/sh;
			shellScript = "\"${SRCROOT}/Pods/Target Support Files/Pods-App/Pods-App-frameworks.sh\"\n";
			showEnvVarsInLog = 0;
		};
/* End PBXShellScriptBuildPhase section */

/* Begin PBXSourcesBuildPhase section */
		F2D652C21D7E94A90005824D /* Sources */ = {
			isa = PBXSourcesBuildPhase;
			buildActionMask = 2147483647;
			files = (
				F26A6A851DE6990F00D26107 /* PhotoBrowserOptions.swift in Sources */,
				F21437C01D98EE27000E0CBF /* LDApiResponse.swift in Sources */,
				F21437BF1D98EE27000E0CBF /* LDApiRequest.swift in Sources */,
				F294B3471DFFDDB70055C8CB /* MobileAddres.swift in Sources */,
				F26A6A8A1DE6990F00D26107 /* PEResizeControl.m in Sources */,
				F29401DA1D94FD0A00CF582F /* Log.swift in Sources */,
				F27AE1FD1D928E09000E0509 /* CollectionReusableViewHeadre.swift in Sources */,
				F26A6A8B1DE6990F00D26107 /* PhotoBrowser+View.swift in Sources */,
				F21437C21D98EE27000E0CBF /* LDCacheSettings.swift in Sources */,
				F27F5E581D8641EE00336915 /* CommonFuntion.swift in Sources */,
				F21437BA1D98EE27000E0CBF /* LDCachable.swift in Sources */,
				F26A6A7F1DE6990F00D26107 /* PhotoBrowser+CropperViewController.swift in Sources */,
				F27F5E5A1D8641EE00336915 /* String+Size.swift in Sources */,
				F27F5E561D8641EE00336915 /* JumpAnimationcontroller.swift in Sources */,
				654B6ADA1D9D25DA00B46F6F /* MutableFilterViewController.swift in Sources */,
				F26A6A8C1DE6990F00D26107 /* UIImage+PECrop.m in Sources */,
				F2666A941D87A42000B2029E /* Notifications.swift in Sources */,
				F21437C11D98EE27000E0CBF /* LDApiSettings.swift in Sources */,
				F29401DD1D94FF2C00CF582F /* BaiduLocationManager.swift in Sources */,
				F26871F31D9236D800611136 /* MJrefreshCollectionview.swift in Sources */,
				F2D652CC1D7E94A90005824D /* ViewController.swift in Sources */,
				F24E9A381DEEB18A00A45EB8 /* UploadPicturesView.swift in Sources */,
				F26A6A821DE6990F00D26107 /* PhotoBrowser+TakerViewController.swift in Sources */,
				F2666A911D879CEE00B2029E /* FunctionsViewController.swift in Sources */,
				F294B3451DFFDDB70055C8CB /* MObileFunction.swift in Sources */,
				F26871F61D9236D800611136 /* MJrefreshTableview.swift in Sources */,
				F24E9A411DEED00E00A45EB8 /* uploadGetToken.m in Sources */,
				F2D3A3E11E038E0D007DE758 /* FirstViewController.swift in Sources */,
				F26871F71D9236D800611136 /* UIScrollView+TopRefresh.m in Sources */,
				F27F5E5B1D8641EE00336915 /* Theme.swift in Sources */,
				F24E9A3E1DEEBA5E00A45EB8 /* User.swift in Sources */,
				F2ED94611D86AF8E000C2E59 /* ChatListviewcontroller.swift in Sources */,
				F27F5E5D1D8641EE00336915 /* UIButton+Swift.m in Sources */,
				F25E22E91D9B9A1D00A0F0DA /* AppChatScreenViewController.swift in Sources */,
				F27F5E601D8641EE00336915 /* UIView+Toast.swift in Sources */,
				F21437C71D98EF21000E0CBF /* LoginUser.swift in Sources */,
				F27F5E5C1D8641EE00336915 /* UIBarItem+Swift.m in Sources */,
				F21437BC1D98EE27000E0CBF /* LDRealmCache.swift in Sources */,
				F27AE1FF1D928E09000E0509 /* QdanCollectionViewCell.swift in Sources */,
				F21437AC1D98D403000E0CBF /* BaiduMapViewController.swift in Sources */,
				F21437BD1D98EE27000E0CBF /* LDApiDataTypes.swift in Sources */,
				F23096811E0238C4001ACE00 /* TYTabButtonPagerController.m in Sources */,
				F29401DF1D94FF6300CF582F /* Location.swift in Sources */,
				F26A6A841DE6990F00D26107 /* PhotoBrowserExtensions.swift in Sources */,
				F27F5E691D8643D000336915 /* SwiftLogoLayer.swift in Sources */,
				F24E9A321DEEA77B00A45EB8 /* QNUtils.swift in Sources */,
				F21437BB1D98EE27000E0CBF /* LDCacheItem.swift in Sources */,
				F27AE2011D928E09000E0509 /* QdanCollectionViewzeroCell.swift in Sources */,
				F2D3A3E51E03A788007DE758 /* SecondViewController.swift in Sources */,
				F27F5E621D8641EE00336915 /* UIViewController+TopViewController.swift in Sources */,
				F26A6A801DE6990F00D26107 /* PhotoBrowser+GridViewController.swift in Sources */,
				F26A6A7E1DE6990F00D26107 /* PhotoBrowser.swift in Sources */,
				F23096831E0238C4001ACE00 /* TYTabTitleViewCell.m in Sources */,
				F26A6A861DE6990F00D26107 /* PECropRectView.m in Sources */,
				F26A6A7D1DE6990F00D26107 /* AlbumTableViewController.swift in Sources */,
				F27F5E611D8641EE00336915 /* Uiviewcontroller+storyboard.swift in Sources */,
				F2D6904B1DFE7A200087328B /* CollectionReusableHeadre.swift in Sources */,
				F26A6A8E1DE6BA0F00D26107 /* SystemPhotoAlbum.swift in Sources */,
				F24E9A341DEEB07600A45EB8 /* MappableBaseType.swift in Sources */,
				F2DFE7D51D82A20D00E5DC71 /* HomeTabBarController.swift in Sources */,
				F217F2091D842B74000E3A0D /* RegisteredViewController.swift in Sources */,
				F2D289AB1D856C420059D289 /* AppSetting.swift in Sources */,
				F2D54B251D93A692006DE294 /* TableViewHeaderCell.swift in Sources */,
				F21437B91D98EE27000E0CBF /* AlamofireSetting.swift in Sources */,
				F2666A8F1D879CCD00B2029E /* Myviewcontroller.swift in Sources */,
				F27F5E5F1D8641EE00336915 /* UIView+Swift.m in Sources */,
				F26A6A881DE6990F00D26107 /* PECropViewController.m in Sources */,
				F2D690551DFE87DD0087328B /* QNPhotoController.swift in Sources */,
				F2AC1E411DF02BEE00F77860 /* commonlyEncryption.swift in Sources */,
				F2D652D21D7E94A90005824D /* App.xcdatamodeld in Sources */,
				F2ED94641D86B010000C2E59 /* APPviewcontroller.swift in Sources */,
				F21437C41D98EEA9000E0CBF /* Session.swift in Sources */,
				6598A7331D93EB3D00A22338 /* UIView+Gradient.swift in Sources */,
				F294B34A1DFFDDB70055C8CB /* UserIphoneNumbercell.swift in Sources */,
				F21437BE1D98EE27000E0CBF /* LDApiError.swift in Sources */,
				F2B2CB9F1DF29CFF002028D1 /* QNlistData.swift in Sources */,
				F26A6A871DE6990F00D26107 /* PECropView.m in Sources */,
				F2DFE7D21D82A1B300E5DC71 /* LoginviewController.swift in Sources */,
				F23096801E0238C4001ACE00 /* TYPagerController.m in Sources */,
				F23096821E0238C4001ACE00 /* TYTabPagerController.m in Sources */,
				F294B3491DFFDDB70055C8CB /* RetrieveMobileAddressbook.swift in Sources */,
				F2D6904D1DFE7A200087328B /* QNCollectionViewCell.swift in Sources */,
				F294B3431DFFDDB70055C8CB /* MobileAddressBooks.swift in Sources */,
				654B6AD91D9D25DA00B46F6F /* FilterViewController.swift in Sources */,
				F27F5E5E1D8641EE00336915 /* UIImage+Gif.swift in Sources */,
				65529C3A1D9E722A00ED3E1C /* CubeMap.c in Sources */,
				F2D652CA1D7E94A90005824D /* AppDelegate.swift in Sources */,
				654B6ADB1D9D25DA00B46F6F /* GradientViewController.swift in Sources */,
				65529C351D9E66CE00ED3E1C /* MutableFilterMoreViewController.swift in Sources */,
				F23096911E027A59001ACE00 /* ZHJtableview.swift in Sources */,
				F26871F41D9236D800611136 /* LDNoDataNoticeView.swift in Sources */,
				F26A6A831DE6990F00D26107 /* PhotoBrowserDelegate.swift in Sources */,
				F26A6A811DE6990F00D26107 /* PhotoBrowser+PreviewController.swift in Sources */,
				F2ED945C1D8699A2000C2E59 /* UIimage+Watermark.swift in Sources */,
				F2FA2DA01DE808D000CE0A3C /* DownloadfileView.swift in Sources */,
				F27F5E681D8643D000336915 /* CustomAnimation.swift in Sources */,
			);
			runOnlyForDeploymentPostprocessing = 0;
		};
		F2D652D91D7E94A90005824D /* Sources */ = {
			isa = PBXSourcesBuildPhase;
			buildActionMask = 2147483647;
			files = (
				F2D652E21D7E94A90005824D /* AppTests.swift in Sources */,
			);
			runOnlyForDeploymentPostprocessing = 0;
		};
		F2D652E41D7E94A90005824D /* Sources */ = {
			isa = PBXSourcesBuildPhase;
			buildActionMask = 2147483647;
			files = (
				F2D652ED1D7E94A90005824D /* AppUITests.swift in Sources */,
			);
			runOnlyForDeploymentPostprocessing = 0;
		};
/* End PBXSourcesBuildPhase section */

/* Begin PBXTargetDependency section */
		F2D652DF1D7E94A90005824D /* PBXTargetDependency */ = {
			isa = PBXTargetDependency;
			target = F2D652C51D7E94A90005824D /* App */;
			targetProxy = F2D652DE1D7E94A90005824D /* PBXContainerItemProxy */;
		};
		F2D652EA1D7E94A90005824D /* PBXTargetDependency */ = {
			isa = PBXTargetDependency;
			target = F2D652C51D7E94A90005824D /* App */;
			targetProxy = F2D652E91D7E94A90005824D /* PBXContainerItemProxy */;
		};
/* End PBXTargetDependency section */

/* Begin PBXVariantGroup section */
		F2D652CD1D7E94A90005824D /* Main.storyboard */ = {
			isa = PBXVariantGroup;
			children = (
				F2D652CE1D7E94A90005824D /* Base */,
			);
			name = Main.storyboard;
			sourceTree = "<group>";
		};
		F2D652D51D7E94A90005824D /* LaunchScreen.storyboard */ = {
			isa = PBXVariantGroup;
			children = (
				F2D652D61D7E94A90005824D /* Base */,
			);
			name = LaunchScreen.storyboard;
			sourceTree = "<group>";
		};
/* End PBXVariantGroup section */

/* Begin XCBuildConfiguration section */
		F2D652EF1D7E94A90005824D /* Debug */ = {
			isa = XCBuildConfiguration;
			buildSettings = {
				ALWAYS_SEARCH_USER_PATHS = NO;
				CLANG_ANALYZER_NONNULL = YES;
				CLANG_CXX_LANGUAGE_STANDARD = "gnu++0x";
				CLANG_CXX_LIBRARY = "libc++";
				CLANG_ENABLE_MODULES = YES;
				CLANG_ENABLE_OBJC_ARC = YES;
				CLANG_WARN_BOOL_CONVERSION = YES;
				CLANG_WARN_CONSTANT_CONVERSION = YES;
				CLANG_WARN_DIRECT_OBJC_ISA_USAGE = YES_ERROR;
				CLANG_WARN_EMPTY_BODY = YES;
				CLANG_WARN_ENUM_CONVERSION = YES;
				CLANG_WARN_INFINITE_RECURSION = YES;
				CLANG_WARN_INT_CONVERSION = YES;
				CLANG_WARN_OBJC_ROOT_CLASS = YES_ERROR;
				CLANG_WARN_SUSPICIOUS_MOVE = YES;
				CLANG_WARN_UNREACHABLE_CODE = YES;
				CLANG_WARN__DUPLICATE_METHOD_MATCH = YES;
				"CODE_SIGN_IDENTITY[sdk=iphoneos*]" = "iPhone Developer";
				COPY_PHASE_STRIP = NO;
				DEBUG_INFORMATION_FORMAT = dwarf;
				DEFINES_MODULE = YES;
				ENABLE_STRICT_OBJC_MSGSEND = YES;
				ENABLE_TESTABILITY = YES;
				GCC_C_LANGUAGE_STANDARD = gnu99;
				GCC_DYNAMIC_NO_PIC = NO;
				GCC_NO_COMMON_BLOCKS = YES;
				GCC_OPTIMIZATION_LEVEL = 0;
				GCC_PREPROCESSOR_DEFINITIONS = (
					"DEBUG=1",
					"$(inherited)",
				);
				GCC_WARN_64_TO_32_BIT_CONVERSION = YES;
				GCC_WARN_ABOUT_RETURN_TYPE = YES_ERROR;
				GCC_WARN_UNDECLARED_SELECTOR = YES;
				GCC_WARN_UNINITIALIZED_AUTOS = YES_AGGRESSIVE;
				GCC_WARN_UNUSED_FUNCTION = YES;
				GCC_WARN_UNUSED_VARIABLE = YES;
				IPHONEOS_DEPLOYMENT_TARGET = 10.0;
				MTL_ENABLE_DEBUG_INFO = YES;
				ONLY_ACTIVE_ARCH = YES;
				SDKROOT = iphoneos;
				SWIFT_OPTIMIZATION_LEVEL = "-Onone";
			};
			name = Debug;
		};
		F2D652F01D7E94A90005824D /* Release */ = {
			isa = XCBuildConfiguration;
			buildSettings = {
				ALWAYS_SEARCH_USER_PATHS = NO;
				CLANG_ANALYZER_NONNULL = YES;
				CLANG_CXX_LANGUAGE_STANDARD = "gnu++0x";
				CLANG_CXX_LIBRARY = "libc++";
				CLANG_ENABLE_MODULES = YES;
				CLANG_ENABLE_OBJC_ARC = YES;
				CLANG_WARN_BOOL_CONVERSION = YES;
				CLANG_WARN_CONSTANT_CONVERSION = YES;
				CLANG_WARN_DIRECT_OBJC_ISA_USAGE = YES_ERROR;
				CLANG_WARN_EMPTY_BODY = YES;
				CLANG_WARN_ENUM_CONVERSION = YES;
				CLANG_WARN_INFINITE_RECURSION = YES;
				CLANG_WARN_INT_CONVERSION = YES;
				CLANG_WARN_OBJC_ROOT_CLASS = YES_ERROR;
				CLANG_WARN_SUSPICIOUS_MOVE = YES;
				CLANG_WARN_UNREACHABLE_CODE = YES;
				CLANG_WARN__DUPLICATE_METHOD_MATCH = YES;
				"CODE_SIGN_IDENTITY[sdk=iphoneos*]" = "iPhone Developer";
				COPY_PHASE_STRIP = NO;
				DEBUG_INFORMATION_FORMAT = "dwarf-with-dsym";
				DEFINES_MODULE = YES;
				ENABLE_NS_ASSERTIONS = NO;
				ENABLE_STRICT_OBJC_MSGSEND = YES;
				GCC_C_LANGUAGE_STANDARD = gnu99;
				GCC_NO_COMMON_BLOCKS = YES;
				GCC_WARN_64_TO_32_BIT_CONVERSION = YES;
				GCC_WARN_ABOUT_RETURN_TYPE = YES_ERROR;
				GCC_WARN_UNDECLARED_SELECTOR = YES;
				GCC_WARN_UNINITIALIZED_AUTOS = YES_AGGRESSIVE;
				GCC_WARN_UNUSED_FUNCTION = YES;
				GCC_WARN_UNUSED_VARIABLE = YES;
				IPHONEOS_DEPLOYMENT_TARGET = 10.0;
				MTL_ENABLE_DEBUG_INFO = NO;
				SDKROOT = iphoneos;
				SWIFT_OPTIMIZATION_LEVEL = "-Owholemodule";
				VALIDATE_PRODUCT = YES;
			};
			name = Release;
		};
		F2D652F21D7E94A90005824D /* Debug */ = {
			isa = XCBuildConfiguration;
			baseConfigurationReference = CA5A6087CE1A63B4E2D426C9 /* Pods-App.debug.xcconfig */;
			buildSettings = {
				ALWAYS_EMBED_SWIFT_STANDARD_LIBRARIES = YES;
				ASSETCATALOG_COMPILER_APPICON_NAME = AppIcon;
				CODE_SIGN_IDENTITY = "iPhone Developer";
				DEFINES_MODULE = NO;
				DEVELOPMENT_TEAM = K7W2W4ASWV;
				ENABLE_BITCODE = NO;
				HEADER_SEARCH_PATHS = (
					"$(inherited)",
					"\"${PODS_ROOT}/Headers/Public\"",
					"\"${PODS_ROOT}/Headers/Public/BaiduMapKit\"",
				);
				INFOPLIST_FILE = App/Info.plist;
				IPHONEOS_DEPLOYMENT_TARGET = 8.0;
				LD_RUNPATH_SEARCH_PATHS = "$(inherited) @executable_path/Frameworks";
				PRODUCT_BUNDLE_IDENTIFIER = IndependentRegiment.zhj.App;
				PRODUCT_NAME = "$(TARGET_NAME)";
				SWIFT_OBJC_BRIDGING_HEADER = "App/Bridging-Header.h";
				SWIFT_VERSION = 2.3;
			};
			name = Debug;
		};
		F2D652F31D7E94A90005824D /* Release */ = {
			isa = XCBuildConfiguration;
			baseConfigurationReference = 544049F072F8E3FA12FE0D85 /* Pods-App.release.xcconfig */;
			buildSettings = {
				ALWAYS_EMBED_SWIFT_STANDARD_LIBRARIES = YES;
				ASSETCATALOG_COMPILER_APPICON_NAME = AppIcon;
				CODE_SIGN_IDENTITY = "iPhone Developer";
				DEFINES_MODULE = NO;
				DEVELOPMENT_TEAM = K7W2W4ASWV;
				ENABLE_BITCODE = NO;
				HEADER_SEARCH_PATHS = (
					"$(inherited)",
					"\"${PODS_ROOT}/Headers/Public\"",
					"\"${PODS_ROOT}/Headers/Public/BaiduMapKit\"",
				);
				INFOPLIST_FILE = App/Info.plist;
				IPHONEOS_DEPLOYMENT_TARGET = 8.0;
				LD_RUNPATH_SEARCH_PATHS = "$(inherited) @executable_path/Frameworks";
				PRODUCT_BUNDLE_IDENTIFIER = IndependentRegiment.zhj.App;
				PRODUCT_NAME = "$(TARGET_NAME)";
				SWIFT_OBJC_BRIDGING_HEADER = "App/Bridging-Header.h";
				SWIFT_VERSION = 2.3;
			};
			name = Release;
		};
		F2D652F51D7E94A90005824D /* Debug */ = {
			isa = XCBuildConfiguration;
			buildSettings = {
				BUNDLE_LOADER = "$(TEST_HOST)";
				DEVELOPMENT_TEAM = K7W2W4ASWV;
				INFOPLIST_FILE = AppTests/Info.plist;
				LD_RUNPATH_SEARCH_PATHS = "$(inherited) @executable_path/Frameworks @loader_path/Frameworks";
				PRODUCT_BUNDLE_IDENTIFIER = IndependentRegiment.zhj.AppTests;
				PRODUCT_NAME = "$(TARGET_NAME)";
				SWIFT_VERSION = 2.3;
				TEST_HOST = "$(BUILT_PRODUCTS_DIR)/App.app/App";
			};
			name = Debug;
		};
		F2D652F61D7E94A90005824D /* Release */ = {
			isa = XCBuildConfiguration;
			buildSettings = {
				BUNDLE_LOADER = "$(TEST_HOST)";
				DEVELOPMENT_TEAM = K7W2W4ASWV;
				INFOPLIST_FILE = AppTests/Info.plist;
				LD_RUNPATH_SEARCH_PATHS = "$(inherited) @executable_path/Frameworks @loader_path/Frameworks";
				PRODUCT_BUNDLE_IDENTIFIER = IndependentRegiment.zhj.AppTests;
				PRODUCT_NAME = "$(TARGET_NAME)";
				SWIFT_VERSION = 2.3;
				TEST_HOST = "$(BUILT_PRODUCTS_DIR)/App.app/App";
			};
			name = Release;
		};
		F2D652F81D7E94A90005824D /* Debug */ = {
			isa = XCBuildConfiguration;
			buildSettings = {
				DEVELOPMENT_TEAM = K7W2W4ASWV;
				INFOPLIST_FILE = AppUITests/Info.plist;
				LD_RUNPATH_SEARCH_PATHS = "$(inherited) @executable_path/Frameworks @loader_path/Frameworks";
				PRODUCT_BUNDLE_IDENTIFIER = IndependentRegiment.zhj.AppUITests;
				PRODUCT_NAME = "$(TARGET_NAME)";
				SWIFT_VERSION = 2.3;
				TEST_TARGET_NAME = App;
			};
			name = Debug;
		};
		F2D652F91D7E94A90005824D /* Release */ = {
			isa = XCBuildConfiguration;
			buildSettings = {
				DEVELOPMENT_TEAM = K7W2W4ASWV;
				INFOPLIST_FILE = AppUITests/Info.plist;
				LD_RUNPATH_SEARCH_PATHS = "$(inherited) @executable_path/Frameworks @loader_path/Frameworks";
				PRODUCT_BUNDLE_IDENTIFIER = IndependentRegiment.zhj.AppUITests;
				PRODUCT_NAME = "$(TARGET_NAME)";
				SWIFT_VERSION = 2.3;
				TEST_TARGET_NAME = App;
			};
			name = Release;
		};
/* End XCBuildConfiguration section */

/* Begin XCConfigurationList section */
		F2D652C11D7E94A90005824D /* Build configuration list for PBXProject "App" */ = {
			isa = XCConfigurationList;
			buildConfigurations = (
				F2D652EF1D7E94A90005824D /* Debug */,
				F2D652F01D7E94A90005824D /* Release */,
			);
			defaultConfigurationIsVisible = 0;
			defaultConfigurationName = Release;
		};
		F2D652F11D7E94A90005824D /* Build configuration list for PBXNativeTarget "App" */ = {
			isa = XCConfigurationList;
			buildConfigurations = (
				F2D652F21D7E94A90005824D /* Debug */,
				F2D652F31D7E94A90005824D /* Release */,
			);
			defaultConfigurationIsVisible = 0;
			defaultConfigurationName = Release;
		};
		F2D652F41D7E94A90005824D /* Build configuration list for PBXNativeTarget "AppTests" */ = {
			isa = XCConfigurationList;
			buildConfigurations = (
				F2D652F51D7E94A90005824D /* Debug */,
				F2D652F61D7E94A90005824D /* Release */,
			);
			defaultConfigurationIsVisible = 0;
			defaultConfigurationName = Release;
		};
		F2D652F71D7E94A90005824D /* Build configuration list for PBXNativeTarget "AppUITests" */ = {
			isa = XCConfigurationList;
			buildConfigurations = (
				F2D652F81D7E94A90005824D /* Debug */,
				F2D652F91D7E94A90005824D /* Release */,
			);
			defaultConfigurationIsVisible = 0;
			defaultConfigurationName = Release;
		};
/* End XCConfigurationList section */

/* Begin XCVersionGroup section */
		F2D652D01D7E94A90005824D /* App.xcdatamodeld */ = {
			isa = XCVersionGroup;
			children = (
				F2D652D11D7E94A90005824D /* App.xcdatamodel */,
			);
			currentVersion = F2D652D11D7E94A90005824D /* App.xcdatamodel */;
			path = App.xcdatamodeld;
			sourceTree = "<group>";
			versionGroupType = wrapper.xcdatamodel;
		};
/* End XCVersionGroup section */
	};
	rootObject = F2D652BE1D7E94A90005824D /* Project object */;
}
